// !$*UTF8*$!
{
	archiveVersion = 1;
	classes = {
	};
	objectVersion = 46;
	objects = {

/* Begin PBXBuildFile section */
		0302918831DB8B7DD36BA01232BF2E72 /* OnboardingSignInView.swift in Sources */ = {isa = PBXBuildFile; fileRef = 9400AC151120818E20E2E641DE007AE4 /* OnboardingSignInView.swift */; };
		06963DB0CA7A284389BBFF629C422FB1 /* AccountSession.swift in Sources */ = {isa = PBXBuildFile; fileRef = 8F3896DD41B1ACE4D816911E47DCBA85 /* AccountSession.swift */; };
		0AC023CC5203BC9FF1D1C476937C3BA5 /* HandleAPIClientTests.swift in Sources */ = {isa = PBXBuildFile; fileRef = 2925F542E77F5E8C8788020C65C94178 /* HandleAPIClientTests.swift */; };
		0EF3A41C1A7C6BAE0A4BBA3929B9F82F /* SendWorkflowTests.swift in Sources */ = {isa = PBXBuildFile; fileRef = 8634A138EE0BC2481E82F544F156102B /* SendWorkflowTests.swift */; };
		1095A5251B2DC92D955307BBFE72EFF8 /* Geist-Regular.otf in Resources */ = {isa = PBXBuildFile; fileRef = D9433F91216FDBE84D1F3243DC6F553B /* Geist-Regular.otf */; };
		11189126C7D1F427496926174B4A3748 /* USDCAmountTests.swift in Sources */ = {isa = PBXBuildFile; fileRef = 04D62259872E7C5703DE2C3DF17B1349 /* USDCAmountTests.swift */; };
		11BB69DFBAD4ED584BE1C6870841C703 /* DomainTestDoubles.swift in Sources */ = {isa = PBXBuildFile; fileRef = EDD63E44BA179649EBB9162A00229158 /* DomainTestDoubles.swift */; };
		13DF5268CF9648921963F2F9D2D4B715 /* SettlementVault.abi.json in Resources */ = {isa = PBXBuildFile; fileRef = 8CA7DA6655CAD1749E59B90EA379413B /* SettlementVault.abi.json */; };
		14806CE68E1817B380487B47B33C1617 /* RootView.swift in Sources */ = {isa = PBXBuildFile; fileRef = A8DB4EC29879FE7C38ACFED05C6F7BD2 /* RootView.swift */; };
		14F68095E94DD0E8565C9C1439CFD28B /* ChequeWorkflow.swift in Sources */ = {isa = PBXBuildFile; fileRef = 78877AF6677BBEDCAAF7270525A450FE /* ChequeWorkflow.swift */; };
		17C0CC72AAA79348F3B22082A0191276 /* InvoiceWorkflow.swift in Sources */ = {isa = PBXBuildFile; fileRef = D6C93EB4CE2796BF46EE1503D36E43D9 /* InvoiceWorkflow.swift */; };
		1B7EF3D07D74FF2F3714AD64976AAAD9 /* Geist-Medium.otf in Resources */ = {isa = PBXBuildFile; fileRef = 08298CCA1ACF86FDA034E6300CDCBDF7 /* Geist-Medium.otf */; };
		1D6B9917A17953A2BB6DA4C3C0CC1534 /* EarnView.swift in Sources */ = {isa = PBXBuildFile; fileRef = BFA9267BAF1CF4E3B929A7D876336E4A /* EarnView.swift */; };
		1DFDF88BA4E5118071023B653A99BDB1 /* ReceiveAddressView.swift in Sources */ = {isa = PBXBuildFile; fileRef = B0F44F28BCE9E53D72674A00997274F2 /* ReceiveAddressView.swift */; };
		1E20E70B59BDB26D79DD5B4ED5292565 /* ArcContractWriter.swift in Sources */ = {isa = PBXBuildFile; fileRef = 27E4C835D4611E08CC83D7034736D6F1 /* ArcContractWriter.swift */; };
		21E74A634F2E1B015F6A5403E17CDE22 /* WalletCardStyle.swift in Sources */ = {isa = PBXBuildFile; fileRef = 1C73676FF593C7FC1DC4C5BEBD872BFE /* WalletCardStyle.swift */; };
		248D60782F607F2F03E987B99F2E094B /* Geist-Bold.otf in Resources */ = {isa = PBXBuildFile; fileRef = FEFD2512E22AA7F56B74153DEE07B250 /* Geist-Bold.otf */; };
		270B4718CC53BE3F0037339EAF8B54A2 /* ChequeTests.swift in Sources */ = {isa = PBXBuildFile; fileRef = 8C27815FC2596AE4D006DF97CC13F039 /* ChequeTests.swift */; };
		2D2D4A819E20DF9A7524A87901ECC341 /* RecourseWidgets.appex in Embed Foundation Extensions */ = {isa = PBXBuildFile; fileRef = CA417CFEB155592DD1161BE451E9EA6D /* RecourseWidgets.appex */; settings = {ATTRIBUTES = (RemoveHeadersOnCopy, ); }; };
		2FE06145EDCA9A48BACA1FB663652D86 /* AccountSessionTests.swift in Sources */ = {isa = PBXBuildFile; fileRef = 407672BC5E25FAC765A84A6015309294 /* AccountSessionTests.swift */; };
		31C4D95690F965BFAC9A416F86B3CA00 /* ContractABI.swift in Sources */ = {isa = PBXBuildFile; fileRef = 2D7DBD1886E41424B15F1D4D503025A1 /* ContractABI.swift */; };
		31DA83D50F372CF2ACCE6253ED899F34 /* RecourseEscrow.abi.json in Resources */ = {isa = PBXBuildFile; fileRef = 7AC80A8F006BE64C29E80F5871DEB2D9 /* RecourseEscrow.abi.json */; };
		333F1C32FFE14CCC98247EDACE5793B6 /* InvoiceBook.swift in Sources */ = {isa = PBXBuildFile; fileRef = 94674FA5F3E77180D7BFC76D9DD621AD /* InvoiceBook.swift */; };
		3417F0A59E8D25EDC89B06BA56F63561 /* InvoicesView.swift in Sources */ = {isa = PBXBuildFile; fileRef = FAC721C5B76A8C0E5AB89FF872CAB667 /* InvoicesView.swift */; };
		379BB2A3C84CC74086EE80DA2B6406C7 /* SupportView.swift in Sources */ = {isa = PBXBuildFile; fileRef = B3F6D5ADBDF26D684311B87EBF7020DC /* SupportView.swift */; };
		39C2E8BDF1E665A15EF12D05A4279501 /* ChequeDetailView.swift in Sources */ = {isa = PBXBuildFile; fileRef = 5467A9D02683FFAD5894526735BE52E1 /* ChequeDetailView.swift */; };
		3AEEF9140381AAEAA9977803B64B7FFE /* ContractGateway.swift in Sources */ = {isa = PBXBuildFile; fileRef = D422BC0756217CBD5E42E90AA17A8ED3 /* ContractGateway.swift */; };
		3C6C6D0BBF357EF3940D084643188D43 /* OnboardingFlowView.swift in Sources */ = {isa = PBXBuildFile; fileRef = 0DAFE0FDEF6456DB5D2937364456876D /* OnboardingFlowView.swift */; };
		3F7441F307889C1F3D87CD217DD448ED /* ArcContractReader.swift in Sources */ = {isa = PBXBuildFile; fileRef = 6308C3EFB68734DE627D9D60F62F44E8 /* ArcContractReader.swift */; };
		45D1433BE98E656B16443A5506344BCB /* TestnetLocalSigner.swift in Sources */ = {isa = PBXBuildFile; fileRef = BBE9EC8226E64DB7BA9B6B29A2207B45 /* TestnetLocalSigner.swift */; };
		4AE7E1749799A6BB7AA11626A39B5E5C /* GeneralSettingsViews.swift in Sources */ = {isa = PBXBuildFile; fileRef = C712F4B1BCBD668B069E94F442FAE4B4 /* GeneralSettingsViews.swift */; };
		4AF00F5FE9CA080C2517011DD0A82DD4 /* RecourseGlass.swift in Sources */ = {isa = PBXBuildFile; fileRef = 9A4C50B585F1470CCA7EA1DA869D4096 /* RecourseGlass.swift */; };
		4C452695F26203D06E34769DDE4EC59E /* ArcContractReaderTests.swift in Sources */ = {isa = PBXBuildFile; fileRef = 738BA9CA18E6C0554584D6275A0478D5 /* ArcContractReaderTests.swift */; };
		4D4DCDC303B7918C7EE1182F58400660 /* SplashView.swift in Sources */ = {isa = PBXBuildFile; fileRef = 3B305D17BE5615FAABE2F745C910147E /* SplashView.swift */; };
		4F0D258044F5C88BC62F4191385BA979 /* PaymentModels.swift in Sources */ = {isa = PBXBuildFile; fileRef = E98679E7F14D9408D7C45FA81428D273 /* PaymentModels.swift */; };
		5025DE6F197CBC0F9E19E021A29432A2 /* ConvertView.swift in Sources */ = {isa = PBXBuildFile; fileRef = EB16E7D11E9FE2ACAEFAC3E42F586F7D /* ConvertView.swift */; };
		5051D66F900523A11633DBD99A911A7D /* RecourseAnimatedStoryBackground.swift in Sources */ = {isa = PBXBuildFile; fileRef = 004DE388D3690AFB5E13B3B48B8A9477 /* RecourseAnimatedStoryBackground.swift */; };
		511719BC17E6491AE810A566FCD098D7 /* PaymentRequest.swift in Sources */ = {isa = PBXBuildFile; fileRef = 04672AA01C455BCED5AC31A13A0ED00C /* PaymentRequest.swift */; };
		520DB225F3FF61A25A484FF33359F8EE /* FXQuoteTests.swift in Sources */ = {isa = PBXBuildFile; fileRef = 55462BD96C6896DFF037D9DFE564B824 /* FXQuoteTests.swift */; };
		5443F4CDD13AA21D443557BFEFEB3167 /* ClaimHandleView.swift in Sources */ = {isa = PBXBuildFile; fileRef = FCBA33471675808EA0FFB39B5EDA5704 /* ClaimHandleView.swift */; };
		563835EBAB0F97B9019C0CD081C91297 /* PolicyRegistry.abi.json in Resources */ = {isa = PBXBuildFile; fileRef = 3356DD1E2F2FC58C1AA6869B50D9A8A1 /* PolicyRegistry.abi.json */; };
		575F8775232097A2DB62A6364C6B926C /* BuyerWorkflowError.swift in Sources */ = {isa = PBXBuildFile; fileRef = BB3FE1406FB864AFA14D563275967B83 /* BuyerWorkflowError.swift */; };
		576DB8109175F7566031D1594D171818 /* recourse-onboarding.mp4 in Resources */ = {isa = PBXBuildFile; fileRef = E140E9DEDA78123055B0441AE72435BD /* recourse-onboarding.mp4 */; };
		57823C36A5FECDFC047134C141087062 /* Deployment.swift in Sources */ = {isa = PBXBuildFile; fileRef = 060FAFF60C4115224A5738CF5FC76586 /* Deployment.swift */; };
		58E80B33DF35C65139138AFB0999C7DE /* ArcContractGateway.swift in Sources */ = {isa = PBXBuildFile; fileRef = 0424211440E463E5BDA801E022AD924A /* ArcContractGateway.swift */; };
		5A2E3EE4B2A971C16C310B78F3E2B12C /* AppConfiguration.swift in Sources */ = {isa = PBXBuildFile; fileRef = 2319F047D7A1BABA13D42C5E043968A7 /* AppConfiguration.swift */; };
		5AF804D885BD670D17251904DC3383C8 /* ChequeAPIClient.swift in Sources */ = {isa = PBXBuildFile; fileRef = 4BF264B6F095826A5BDDFBABEC9D1EC2 /* ChequeAPIClient.swift */; };
		5C45B04A2A33B7A917C3B6B1A635CDB0 /* ContractABITests.swift in Sources */ = {isa = PBXBuildFile; fileRef = 4B3DF149523DD8A52992027B2E50A460 /* ContractABITests.swift */; };
		5C661F99176CF2CA5392E88F13BD9546 /* InvoiceAPIClient.swift in Sources */ = {isa = PBXBuildFile; fileRef = CC584F4944EC57E013DE2BFCA1C7AFCF /* InvoiceAPIClient.swift */; };
		5CB4D9834585AB2D96FB11E3D8B820C1 /* BuyerSettings.swift in Sources */ = {isa = PBXBuildFile; fileRef = 818B552689E7A73F17BFA53003AE12BD /* BuyerSettings.swift */; };
		5D9D1CAE2D5258E2AD08ABB023D8D687 /* OnboardingHeroVideo.swift in Sources */ = {isa = PBXBuildFile; fileRef = 3626993D138CF64352BEC8B82E1FCD96 /* OnboardingHeroVideo.swift */; };
		5E5C6162C20B880928EF0B8916CD31AE /* USDCAmount.swift in Sources */ = {isa = PBXBuildFile; fileRef = 7CC4F67B05361A72A9781FAABAFC2B88 /* USDCAmount.swift */; };
		5EDAAF0138BE484194D3F07616A5CA99 /* OnboardingWelcomeView.swift in Sources */ = {isa = PBXBuildFile; fileRef = 99125DD5C2389F8CC3A5C29B3AC52D50 /* OnboardingWelcomeView.swift */; };
		62015DA28B5FCBBABB4F83BFA90F07A3 /* HeroAmbientMotes.swift in Sources */ = {isa = PBXBuildFile; fileRef = C37DA77E5EB3610605B297A004E19AC9 /* HeroAmbientMotes.swift */; };
		6291827A917E52A1AEB548DD8BE78457 /* EthereumAddress.swift in Sources */ = {isa = PBXBuildFile; fileRef = F5848C6CD7CB80D7C67BCEE8CA5BC748 /* EthereumAddress.swift */; };
		64956F0B910B699699E23958C02CEE6D /* FXQuote.swift in Sources */ = {isa = PBXBuildFile; fileRef = 826C74FFE30ADC9B13A04E3FA3415B2F /* FXQuote.swift */; };
		6553AD768360CF0939335BDF9E118943 /* OrderManifestTests.swift in Sources */ = {isa = PBXBuildFile; fileRef = FF32098928EDE17BFD22BF91F04C5324 /* OrderManifestTests.swift */; };
		670F7FE2D2727A38D2CFE2D2D0221A00 /* AppShellView.swift in Sources */ = {isa = PBXBuildFile; fileRef = F4D6B0F915E0AF08D96070231621978F /* AppShellView.swift */; };
		67C3A0302FB616AF0506250FB29068A8 /* SendWorkflow.swift in Sources */ = {isa = PBXBuildFile; fileRef = EC22214840DB659BF20EC8CF59C85836 /* SendWorkflow.swift */; };
		69D4DF7172A240C021E23A0F91C6D957 /* AppRouter.swift in Sources */ = {isa = PBXBuildFile; fileRef = 785DEE92C3A6BB16F8184725401551E3 /* AppRouter.swift */; };
		6A6CE2870131CB131FE1E6C5958B9896 /* ActivityView.swift in Sources */ = {isa = PBXBuildFile; fileRef = B8D2FCFA56C639B9884DBAD865FCE8F6 /* ActivityView.swift */; };
		6BE672C080619F53D6271C863E6A5645 /* NewInvoiceView.swift in Sources */ = {isa = PBXBuildFile; fileRef = 06830C6CF9EF33D84D8F7B5481097DEF /* NewInvoiceView.swift */; };
		729B024123347772A99A049E725A214A /* ChequePaper.swift in Sources */ = {isa = PBXBuildFile; fileRef = B5E5A32AB75F597D57DADF628134CB5F /* ChequePaper.swift */; };
		744C097D53DA951BBFAC4264A16A41A6 /* EvidenceAPITransport.swift in Sources */ = {isa = PBXBuildFile; fileRef = 949015F01514ACCDA3123CF0B7B0DA15 /* EvidenceAPITransport.swift */; };
		797AD9A17B2E5D393014E8E316EF30F7 /* PasskeyPRFProbeView.swift in Sources */ = {isa = PBXBuildFile; fileRef = 44AAB80039A82F2418DD96655D137DDE /* PasskeyPRFProbeView.swift */; };
		7A0C652BF95BF30430479A117F0DB540 /* ArcContractWriterTests.swift in Sources */ = {isa = PBXBuildFile; fileRef = CAB9BB0EDC8EF4D63F8CC88F26E04F61 /* ArcContractWriterTests.swift */; };
		7A20992D3A19BE0066F9637A43AE44E6 /* Images.xcassets in Resources */ = {isa = PBXBuildFile; fileRef = 2ABD21E37E553D2F8D86FB45F64F4194 /* Images.xcassets */; };
		7F00821C3ACD7F0BD811FE943FDCE6E5 /* OnboardingSetupView.swift in Sources */ = {isa = PBXBuildFile; fileRef = 418134A5A1FF95DA376F70E36B3C10F0 /* OnboardingSetupView.swift */; };
		86B5A5BEDC66BBE283A08C0224D16749 /* MiniPair.abi.json in Resources */ = {isa = PBXBuildFile; fileRef = A6E44FC285D880FEB727C1DEB6ED8DA2 /* MiniPair.abi.json */; };
		881AC94F6A2D2A60C210C12A45E0C5EC /* Foundation.framework in Frameworks */ = {isa = PBXBuildFile; fileRef = 461E2A2E3C422B764B056DAFBD485F46 /* Foundation.framework */; };
		8A2207134B08BB0966D4034C933D44CB /* MiniRouter.abi.json in Resources */ = {isa = PBXBuildFile; fileRef = D945BF3DA1DCAF4B48BF4882D36FB85B /* MiniRouter.abi.json */; };
		8A5D48A4581117DB630858557686B9A1 /* Foundation.framework in Frameworks */ = {isa = PBXBuildFile; fileRef = 461E2A2E3C422B764B056DAFBD485F46 /* Foundation.framework */; };
		8C553F2D5BAABE3F469170445ECE7BE2 /* DepositSheet.swift in Sources */ = {isa = PBXBuildFile; fileRef = 8ABEEBEB1DCDC4C16CDC59E07806090F /* DepositSheet.swift */; };
		8CFC82067F4141BCB209E06944F75322 /* TestnetLocalSignerTests.swift in Sources */ = {isa = PBXBuildFile; fileRef = CB6B26C61440D1D9118375E9D6CF7DD0 /* TestnetLocalSignerTests.swift */; };
		8F1AAE94A9601CDB5E30A5F9FFA1FE4E /* WalletBackupAPIClient.swift in Sources */ = {isa = PBXBuildFile; fileRef = 6E2CEAB5EABD537E98A8691E15BFE6C6 /* WalletBackupAPIClient.swift */; };
		930160523FE21BF96C7BA87F4A4CC70B /* Geist-SemiBold.otf in Resources */ = {isa = PBXBuildFile; fileRef = D057F3760A9FBDBA02FB520FFD6F66CA /* Geist-SemiBold.otf */; };
		950F2639BA431D4C5BA36F11433326A5 /* OrderManifest.swift in Sources */ = {isa = PBXBuildFile; fileRef = 50108EE66DBF9EC3AE2966A9D4C909DE /* OrderManifest.swift */; };
		9A5920E4F834FC44295045228B999658 /* ChequesView.swift in Sources */ = {isa = PBXBuildFile; fileRef = A173885ECEE147EADCECB43DAE1DBB05 /* ChequesView.swift */; };
		A114CD5D3B12112CDE38A73050FA373A /* BuyerSettingsTests.swift in Sources */ = {isa = PBXBuildFile; fileRef = 229796F6DDFF23F7E98CDA72AD9B3E5C /* BuyerSettingsTests.swift */; };
		A166391F170C3958A130015D816B4ED2 /* InvoiceWorkflowTests.swift in Sources */ = {isa = PBXBuildFile; fileRef = 026AFC1EBB12610E49749E9001328945 /* InvoiceWorkflowTests.swift */; };
		A1B72FC7AA347A56C9695CFA185E8CBF /* WalletRecoveryView.swift in Sources */ = {isa = PBXBuildFile; fileRef = 611787E5BEB9A693358ABB8264C1452B /* WalletRecoveryView.swift */; };
		A1F6F48BD982E95EB349ADE8E4C41344 /* WalletBackup.swift in Sources */ = {isa = PBXBuildFile; fileRef = 2A8040346CE9DA99D46C243F7728A78C /* WalletBackup.swift */; };
		A20209E0517AAEBDC4A34BD535538E9E /* WalletSnapshot.swift in Sources */ = {isa = PBXBuildFile; fileRef = B1DCFB47041556B135EEFDE5DEC93A89 /* WalletSnapshot.swift */; };
		A2640244C332E513C320ADA4734CA569 /* EvidenceAuthorization.swift in Sources */ = {isa = PBXBuildFile; fileRef = 7BF43555BB1DB7B6762356C3F2A09513 /* EvidenceAuthorization.swift */; };
		A835783AF7D7A3973317E23E2052907C /* ArcRPCTransport.swift in Sources */ = {isa = PBXBuildFile; fileRef = 02435130ED960BD42BB780709B98ECBB /* ArcRPCTransport.swift */; };
		A9B84E2F8CFA3149C31DD61E33E4083F /* Foundation.framework in Frameworks */ = {isa = PBXBuildFile; fileRef = 461E2A2E3C422B764B056DAFBD485F46 /* Foundation.framework */; };
		AB302C7011349D416DDFF04D614E7C35 /* RecourseWidgetsBundle.swift in Sources */ = {isa = PBXBuildFile; fileRef = 13877B90709387D5BEA1FCFB64290C80 /* RecourseWidgetsBundle.swift */; };
		AB9DF1C918BBB6581F53985CE0DD64E2 /* web3swift in Frameworks */ = {isa = PBXBuildFile; productRef = 01882D01E573B2108806FB6F60CA6A07 /* web3swift */; };
		ACEE23C780CB54BFC842EBB13189627D /* WalletSnapshot.swift in Sources */ = {isa = PBXBuildFile; fileRef = B1DCFB47041556B135EEFDE5DEC93A89 /* WalletSnapshot.swift */; };
		ADE8D165FCA7E885D42635D29942D1F9 /* ChequeBook.swift in Sources */ = {isa = PBXBuildFile; fileRef = C28DDD427CB16B858D00579D5DADD992 /* ChequeBook.swift */; };
		AEBD067B54B078F7A8FB107274B9EBA6 /* EvidenceAPIClient.swift in Sources */ = {isa = PBXBuildFile; fileRef = EC52E874962782AE38012A41269D8808 /* EvidenceAPIClient.swift */; };
		B00385C4203BA71FC662711A1EDBDC4D /* WalletBackupTests.swift in Sources */ = {isa = PBXBuildFile; fileRef = 52B10F5D3AA43D06136D3CBB6883E703 /* WalletBackupTests.swift */; };
		B4ACA3B0AA8D7EA890C7FD95C5737DBF /* UnsignedTransaction.swift in Sources */ = {isa = PBXBuildFile; fileRef = 91191EDC8EBA1DE27A8B0D3C471063B2 /* UnsignedTransaction.swift */; };
		B7ADADD7F72FC8961538CE297CC96A81 /* RecourseTypography.swift in Sources */ = {isa = PBXBuildFile; fileRef = 27FA56DFA9A27D1C69EE04C882D5F6F2 /* RecourseTypography.swift */; };
		BA9F53F4BFA0E506EF87B838D2C9F5F5 /* HomeView.swift in Sources */ = {isa = PBXBuildFile; fileRef = 7C5AD257A51DED7C1CC15D77872C6086 /* HomeView.swift */; };
		BB3F0D60DC346FF6E16C89AA20AF1B08 /* OrderAPIClient.swift in Sources */ = {isa = PBXBuildFile; fileRef = DBD0CA15801B7EC18D5DB4420A73A885 /* OrderAPIClient.swift */; };
		BCE744BA03A195D61A27E8C342171640 /* Cheque.swift in Sources */ = {isa = PBXBuildFile; fileRef = EE03D8E81E68DACA0D8877864938E548 /* Cheque.swift */; };
		BCECAB69F9FF57A04D0A261067EB7E0C /* ArcLocalWriteTests.swift in Sources */ = {isa = PBXBuildFile; fileRef = 24EA0365E875792FA3AFB9E34D9D1744 /* ArcLocalWriteTests.swift */; };
		BD3A82E51D9C488CCD443AD3EED508DE /* WalletExportView.swift in Sources */ = {isa = PBXBuildFile; fileRef = 984DE491F1104EFD0B7FD626CF622F62 /* WalletExportView.swift */; };
		C1A0828EBBB29E307D3D832E6ABBADF0 /* AppEnvironment.swift in Sources */ = {isa = PBXBuildFile; fileRef = 252B4A810A121ED7B256758B3C2F455D /* AppEnvironment.swift */; };
		C1F9AC418F436AAE6BEA6EAD1F7EF9E9 /* RecourseColor.swift in Sources */ = {isa = PBXBuildFile; fileRef = 6733CE4A0DC2FEDBDE784412D8E061AC /* RecourseColor.swift */; };
		CAE4BBAE7F9716985EE464512B84E632 /* ActiveAccount.swift in Sources */ = {isa = PBXBuildFile; fileRef = 7F09BD33B5571FD99120F5DA36CA84EA /* ActiveAccount.swift */; };
		CB77FA949A916F82B5C04E2CBFA55056 /* KeychainStore.swift in Sources */ = {isa = PBXBuildFile; fileRef = 9E935116E1D16723CFA620CE5CB9DEA9 /* KeychainStore.swift */; };
		CC5265EE7E3F9D243656AC6FCB44EEF0 /* IERC20.abi.json in Resources */ = {isa = PBXBuildFile; fileRef = 12179F46DE71EB8D2F2A301DA3004578 /* IERC20.abi.json */; };
		CDD7A6DAC323E14BFE6C7F254FDC1BA0 /* KeychainStoreTests.swift in Sources */ = {isa = PBXBuildFile; fileRef = FD1F6A9C8E95AC2A0CBC84A2D2B4CFCB /* KeychainStoreTests.swift */; };
		D9988855E7BA98E09EBF47308CBB37DF /* AccountAPIClient.swift in Sources */ = {isa = PBXBuildFile; fileRef = C53ED6767039559E9E71259880A50282 /* AccountAPIClient.swift */; };
		DB2740E7960756D0F4EDB1C1CF9B6876 /* SecuritySettingsViews.swift in Sources */ = {isa = PBXBuildFile; fileRef = D2506DBAE8DE1D6393E081AD78F1D65F /* SecuritySettingsViews.swift */; };
		DC9B8C558530BF1D00A72403041C989E /* OnboardingReadyView.swift in Sources */ = {isa = PBXBuildFile; fileRef = 85BA8F0468F300E104F0E9F520C8A046 /* OnboardingReadyView.swift */; };
		E6C19D9D436D2F93A36C59E241EC9736 /* GoogleSignInCoordinator.swift in Sources */ = {isa = PBXBuildFile; fileRef = 5AFE37ACF5E828531F3577BB019F31F4 /* GoogleSignInCoordinator.swift */; };
		E91D57A43E8CC99F1099C119BBC76139 /* HandleAPIClient.swift in Sources */ = {isa = PBXBuildFile; fileRef = E61061A41C58A282E6E204373CA31CA7 /* HandleAPIClient.swift */; };
		EC4B0304CF8E51FC78735A0FB9B412B3 /* InvoiceDetailView.swift in Sources */ = {isa = PBXBuildFile; fileRef = 49AFC40C008633827B9A155496288BA9 /* InvoiceDetailView.swift */; };
		ED577CD3252A83F831F2805619478BB2 /* EvidenceAPIClientTests.swift in Sources */ = {isa = PBXBuildFile; fileRef = FC01231908876BED7F1442A69CA37332 /* EvidenceAPIClientTests.swift */; };
		ED672F0C742558925304810C52AF31AB /* RecourseFont.swift in Sources */ = {isa = PBXBuildFile; fileRef = 86BBDDC133F54D837B56FA611B2DBFA5 /* RecourseFont.swift */; };
		EE387CF023C17F5A93251FC6961CF1BA /* AccountFoundationView.swift in Sources */ = {isa = PBXBuildFile; fileRef = 34853A7FE08E9B54850BF3B8B7C00341 /* AccountFoundationView.swift */; };
		F1E6CBCBEC64619E137ED7ADF1EFDE9B /* ArcLiveReadTests.swift in Sources */ = {isa = PBXBuildFile; fileRef = 498147FD1ED92C8E27A9584087F5920D /* ArcLiveReadTests.swift */; };
		F367CD9AE5C5753D3487F853DB566A52 /* ChainHash.swift in Sources */ = {isa = PBXBuildFile; fileRef = 2485AF94AFFF72326391292550CB5F03 /* ChainHash.swift */; };
		F382BA7E373AB4056FB84B9486D21E95 /* RecourseApp.swift in Sources */ = {isa = PBXBuildFile; fileRef = 77814E15261112CAC862270B14851916 /* RecourseApp.swift */; };
		FA121D20F8FA8B922172CB2AD5443702 /* BuyerSigner.swift in Sources */ = {isa = PBXBuildFile; fileRef = 2A7AFA6ED17BD3BEA866A7EFE6D7FA45 /* BuyerSigner.swift */; };
		FA6B71BF5531D8F38ED253408364ADA9 /* ChequeWorkflowTests.swift in Sources */ = {isa = PBXBuildFile; fileRef = 594298D9F6B93E3FADF41B38683DD753 /* ChequeWorkflowTests.swift */; };
		FB5947A965807ECA16EBE1D6CFB264FA /* SafariWebView.swift in Sources */ = {isa = PBXBuildFile; fileRef = 86FC3C9D0CE0CDED2425D7A5CBDF1E5E /* SafariWebView.swift */; };
		FBBEE893F9426AF9FFB1E74A9133239C /* WriteChequeView.swift in Sources */ = {isa = PBXBuildFile; fileRef = 244ACA74F5F7C8864842A133B76ED902 /* WriteChequeView.swift */; };
		FCA634EBBD6868F2893443BB57E91A9C /* OnboardingHeroArt.swift in Sources */ = {isa = PBXBuildFile; fileRef = 8A853935EEABDE42A5E90A1ACE8552F7 /* OnboardingHeroArt.swift */; };
		FD0FFBAE570D8E10F21122E6A5CF6AAF /* TransactionAuthorizer.swift in Sources */ = {isa = PBXBuildFile; fileRef = CD78A963E2CC82565E1EF2584ECB1B08 /* TransactionAuthorizer.swift */; };
		FDA3E8D45871229D9A6BC410F55A6A1E /* SendMoneyView.swift in Sources */ = {isa = PBXBuildFile; fileRef = 2111038B512462018E36B25366B355D7 /* SendMoneyView.swift */; };
/* End PBXBuildFile section */

/* Begin PBXContainerItemProxy section */
		398E5352BB9982554A25795078361ACB /* PBXContainerItemProxy */ = {
			isa = PBXContainerItemProxy;
			containerPortal = 498DC937A1FC09EEF0292161E8444EBB /* Project object */;
			proxyType = 1;
			remoteGlobalIDString = 99EB96DCA16A32366613D14C17CA69AF;
			remoteInfo = RecourseWidgets;
		};
		C1C1C1C1C1C1C1C1C1C1C1C1 /* PBXContainerItemProxy */ = {
			isa = PBXContainerItemProxy;
			containerPortal = 498DC937A1FC09EEF0292161E8444EBB /* Project object */;
			proxyType = 1;
			remoteGlobalIDString = D754159A8204C8E39CC04E93DF62C5E1;
			remoteInfo = Recourse;
		};
/* End PBXContainerItemProxy section */

/* Begin PBXCopyFilesBuildPhase section */
		2C80EF556C3E42E44EDB7C6EE268690B /* Embed Foundation Extensions */ = {
			isa = PBXCopyFilesBuildPhase;
			buildActionMask = 2147483647;
			dstPath = "";
			dstSubfolderSpec = 13;
			files = (
				2D2D4A819E20DF9A7524A87901ECC341 /* RecourseWidgets.appex in Embed Foundation Extensions */,
			);
			name = "Embed Foundation Extensions";
			runOnlyForDeploymentPostprocessing = 0;
		};
/* End PBXCopyFilesBuildPhase section */

/* Begin PBXFileReference section */
		004DE388D3690AFB5E13B3B48B8A9477 /* RecourseAnimatedStoryBackground.swift */ = {isa = PBXFileReference; includeInIndex = 1; lastKnownFileType = sourcecode.swift; path = RecourseAnimatedStoryBackground.swift; sourceTree = "<group>"; };
		02435130ED960BD42BB780709B98ECBB /* ArcRPCTransport.swift */ = {isa = PBXFileReference; includeInIndex = 1; lastKnownFileType = sourcecode.swift; path = ArcRPCTransport.swift; sourceTree = "<group>"; };
		026AFC1EBB12610E49749E9001328945 /* InvoiceWorkflowTests.swift */ = {isa = PBXFileReference; includeInIndex = 1; lastKnownFileType = sourcecode.swift; path = InvoiceWorkflowTests.swift; sourceTree = "<group>"; };
		0424211440E463E5BDA801E022AD924A /* ArcContractGateway.swift */ = {isa = PBXFileReference; includeInIndex = 1; lastKnownFileType = sourcecode.swift; path = ArcContractGateway.swift; sourceTree = "<group>"; };
		04672AA01C455BCED5AC31A13A0ED00C /* PaymentRequest.swift */ = {isa = PBXFileReference; includeInIndex = 1; lastKnownFileType = sourcecode.swift; path = PaymentRequest.swift; sourceTree = "<group>"; };
		04D62259872E7C5703DE2C3DF17B1349 /* USDCAmountTests.swift */ = {isa = PBXFileReference; includeInIndex = 1; lastKnownFileType = sourcecode.swift; path = USDCAmountTests.swift; sourceTree = "<group>"; };
		060FAFF60C4115224A5738CF5FC76586 /* Deployment.swift */ = {isa = PBXFileReference; includeInIndex = 1; lastKnownFileType = sourcecode.swift; path = Deployment.swift; sourceTree = "<group>"; };
		06830C6CF9EF33D84D8F7B5481097DEF /* NewInvoiceView.swift */ = {isa = PBXFileReference; includeInIndex = 1; lastKnownFileType = sourcecode.swift; path = NewInvoiceView.swift; sourceTree = "<group>"; };
		08298CCA1ACF86FDA034E6300CDCBDF7 /* Geist-Medium.otf */ = {isa = PBXFileReference; includeInIndex = 1; path = "Geist-Medium.otf"; sourceTree = "<group>"; };
		0AFB9151840110618C7AA3071DBA9272 /* Recourse.entitlements */ = {isa = PBXFileReference; includeInIndex = 1; lastKnownFileType = text.plist.entitlements; path = Recourse.entitlements; sourceTree = "<group>"; };
		0DAFE0FDEF6456DB5D2937364456876D /* OnboardingFlowView.swift */ = {isa = PBXFileReference; includeInIndex = 1; lastKnownFileType = sourcecode.swift; path = OnboardingFlowView.swift; sourceTree = "<group>"; };
		12179F46DE71EB8D2F2A301DA3004578 /* IERC20.abi.json */ = {isa = PBXFileReference; includeInIndex = 1; path = IERC20.abi.json; sourceTree = "<group>"; };
		13877B90709387D5BEA1FCFB64290C80 /* RecourseWidgetsBundle.swift */ = {isa = PBXFileReference; includeInIndex = 1; lastKnownFileType = sourcecode.swift; path = RecourseWidgetsBundle.swift; sourceTree = "<group>"; };
		1C73676FF593C7FC1DC4C5BEBD872BFE /* WalletCardStyle.swift */ = {isa = PBXFileReference; includeInIndex = 1; lastKnownFileType = sourcecode.swift; path = WalletCardStyle.swift; sourceTree = "<group>"; };
		2111038B512462018E36B25366B355D7 /* SendMoneyView.swift */ = {isa = PBXFileReference; includeInIndex = 1; lastKnownFileType = sourcecode.swift; path = SendMoneyView.swift; sourceTree = "<group>"; };
		229796F6DDFF23F7E98CDA72AD9B3E5C /* BuyerSettingsTests.swift */ = {isa = PBXFileReference; includeInIndex = 1; lastKnownFileType = sourcecode.swift; path = BuyerSettingsTests.swift; sourceTree = "<group>"; };
		2319F047D7A1BABA13D42C5E043968A7 /* AppConfiguration.swift */ = {isa = PBXFileReference; includeInIndex = 1; lastKnownFileType = sourcecode.swift; path = AppConfiguration.swift; sourceTree = "<group>"; };
		244ACA74F5F7C8864842A133B76ED902 /* WriteChequeView.swift */ = {isa = PBXFileReference; includeInIndex = 1; lastKnownFileType = sourcecode.swift; path = WriteChequeView.swift; sourceTree = "<group>"; };
		2485AF94AFFF72326391292550CB5F03 /* ChainHash.swift */ = {isa = PBXFileReference; includeInIndex = 1; lastKnownFileType = sourcecode.swift; path = ChainHash.swift; sourceTree = "<group>"; };
		24EA0365E875792FA3AFB9E34D9D1744 /* ArcLocalWriteTests.swift */ = {isa = PBXFileReference; includeInIndex = 1; lastKnownFileType = sourcecode.swift; path = ArcLocalWriteTests.swift; sourceTree = "<group>"; };
		252B4A810A121ED7B256758B3C2F455D /* AppEnvironment.swift */ = {isa = PBXFileReference; includeInIndex = 1; lastKnownFileType = sourcecode.swift; path = AppEnvironment.swift; sourceTree = "<group>"; };
		27E4C835D4611E08CC83D7034736D6F1 /* ArcContractWriter.swift */ = {isa = PBXFileReference; includeInIndex = 1; lastKnownFileType = sourcecode.swift; path = ArcContractWriter.swift; sourceTree = "<group>"; };
		27FA56DFA9A27D1C69EE04C882D5F6F2 /* RecourseTypography.swift */ = {isa = PBXFileReference; includeInIndex = 1; lastKnownFileType = sourcecode.swift; path = RecourseTypography.swift; sourceTree = "<group>"; };
		2925F542E77F5E8C8788020C65C94178 /* HandleAPIClientTests.swift */ = {isa = PBXFileReference; includeInIndex = 1; lastKnownFileType = sourcecode.swift; path = HandleAPIClientTests.swift; sourceTree = "<group>"; };
		2A7AFA6ED17BD3BEA866A7EFE6D7FA45 /* BuyerSigner.swift */ = {isa = PBXFileReference; includeInIndex = 1; lastKnownFileType = sourcecode.swift; path = BuyerSigner.swift; sourceTree = "<group>"; };
		2A8040346CE9DA99D46C243F7728A78C /* WalletBackup.swift */ = {isa = PBXFileReference; includeInIndex = 1; lastKnownFileType = sourcecode.swift; path = WalletBackup.swift; sourceTree = "<group>"; };
		2ABD21E37E553D2F8D86FB45F64F4194 /* Images.xcassets */ = {isa = PBXFileReference; includeInIndex = 1; lastKnownFileType = folder.assetcatalog; path = Images.xcassets; sourceTree = "<group>"; };
		2D7DBD1886E41424B15F1D4D503025A1 /* ContractABI.swift */ = {isa = PBXFileReference; includeInIndex = 1; lastKnownFileType = sourcecode.swift; path = ContractABI.swift; sourceTree = "<group>"; };
		3356DD1E2F2FC58C1AA6869B50D9A8A1 /* PolicyRegistry.abi.json */ = {isa = PBXFileReference; includeInIndex = 1; path = PolicyRegistry.abi.json; sourceTree = "<group>"; };
		33BBFA585F8BF0D90AE07CB3E4FEE527 /* RecourseWidgets.entitlements */ = {isa = PBXFileReference; includeInIndex = 1; lastKnownFileType = text.plist.entitlements; path = RecourseWidgets.entitlements; sourceTree = "<group>"; };
		34853A7FE08E9B54850BF3B8B7C00341 /* AccountFoundationView.swift */ = {isa = PBXFileReference; includeInIndex = 1; lastKnownFileType = sourcecode.swift; path = AccountFoundationView.swift; sourceTree = "<group>"; };
		3626993D138CF64352BEC8B82E1FCD96 /* OnboardingHeroVideo.swift */ = {isa = PBXFileReference; includeInIndex = 1; lastKnownFileType = sourcecode.swift; path = OnboardingHeroVideo.swift; sourceTree = "<group>"; };
		3B305D17BE5615FAABE2F745C910147E /* SplashView.swift */ = {isa = PBXFileReference; includeInIndex = 1; lastKnownFileType = sourcecode.swift; path = SplashView.swift; sourceTree = "<group>"; };
		407672BC5E25FAC765A84A6015309294 /* AccountSessionTests.swift */ = {isa = PBXFileReference; includeInIndex = 1; lastKnownFileType = sourcecode.swift; path = AccountSessionTests.swift; sourceTree = "<group>"; };
		418134A5A1FF95DA376F70E36B3C10F0 /* OnboardingSetupView.swift */ = {isa = PBXFileReference; includeInIndex = 1; lastKnownFileType = sourcecode.swift; path = OnboardingSetupView.swift; sourceTree = "<group>"; };
		44AAB80039A82F2418DD96655D137DDE /* PasskeyPRFProbeView.swift */ = {isa = PBXFileReference; includeInIndex = 1; lastKnownFileType = sourcecode.swift; path = PasskeyPRFProbeView.swift; sourceTree = "<group>"; };
		461E2A2E3C422B764B056DAFBD485F46 /* Foundation.framework */ = {isa = PBXFileReference; lastKnownFileType = wrapper.framework; name = Foundation.framework; path = Platforms/iPhoneOS.platform/Developer/SDKs/iPhoneOS18.0.sdk/System/Library/Frameworks/Foundation.framework; sourceTree = DEVELOPER_DIR; };
		498147FD1ED92C8E27A9584087F5920D /* ArcLiveReadTests.swift */ = {isa = PBXFileReference; includeInIndex = 1; lastKnownFileType = sourcecode.swift; path = ArcLiveReadTests.swift; sourceTree = "<group>"; };
		49AFC40C008633827B9A155496288BA9 /* InvoiceDetailView.swift */ = {isa = PBXFileReference; includeInIndex = 1; lastKnownFileType = sourcecode.swift; path = InvoiceDetailView.swift; sourceTree = "<group>"; };
		4B3DF149523DD8A52992027B2E50A460 /* ContractABITests.swift */ = {isa = PBXFileReference; includeInIndex = 1; lastKnownFileType = sourcecode.swift; path = ContractABITests.swift; sourceTree = "<group>"; };
		4BF264B6F095826A5BDDFBABEC9D1EC2 /* ChequeAPIClient.swift */ = {isa = PBXFileReference; includeInIndex = 1; lastKnownFileType = sourcecode.swift; path = ChequeAPIClient.swift; sourceTree = "<group>"; };
		50108EE66DBF9EC3AE2966A9D4C909DE /* OrderManifest.swift */ = {isa = PBXFileReference; includeInIndex = 1; lastKnownFileType = sourcecode.swift; path = OrderManifest.swift; sourceTree = "<group>"; };
		52B10F5D3AA43D06136D3CBB6883E703 /* WalletBackupTests.swift */ = {isa = PBXFileReference; includeInIndex = 1; lastKnownFileType = sourcecode.swift; path = WalletBackupTests.swift; sourceTree = "<group>"; };
		5467A9D02683FFAD5894526735BE52E1 /* ChequeDetailView.swift */ = {isa = PBXFileReference; includeInIndex = 1; lastKnownFileType = sourcecode.swift; path = ChequeDetailView.swift; sourceTree = "<group>"; };
		55462BD96C6896DFF037D9DFE564B824 /* FXQuoteTests.swift */ = {isa = PBXFileReference; includeInIndex = 1; lastKnownFileType = sourcecode.swift; path = FXQuoteTests.swift; sourceTree = "<group>"; };
		594298D9F6B93E3FADF41B38683DD753 /* ChequeWorkflowTests.swift */ = {isa = PBXFileReference; includeInIndex = 1; lastKnownFileType = sourcecode.swift; path = ChequeWorkflowTests.swift; sourceTree = "<group>"; };
		5AFE37ACF5E828531F3577BB019F31F4 /* GoogleSignInCoordinator.swift */ = {isa = PBXFileReference; includeInIndex = 1; lastKnownFileType = sourcecode.swift; path = GoogleSignInCoordinator.swift; sourceTree = "<group>"; };
		611787E5BEB9A693358ABB8264C1452B /* WalletRecoveryView.swift */ = {isa = PBXFileReference; includeInIndex = 1; lastKnownFileType = sourcecode.swift; path = WalletRecoveryView.swift; sourceTree = "<group>"; };
		6308C3EFB68734DE627D9D60F62F44E8 /* ArcContractReader.swift */ = {isa = PBXFileReference; includeInIndex = 1; lastKnownFileType = sourcecode.swift; path = ArcContractReader.swift; sourceTree = "<group>"; };
		6733CE4A0DC2FEDBDE784412D8E061AC /* RecourseColor.swift */ = {isa = PBXFileReference; includeInIndex = 1; lastKnownFileType = sourcecode.swift; path = RecourseColor.swift; sourceTree = "<group>"; };
		6E2CEAB5EABD537E98A8691E15BFE6C6 /* WalletBackupAPIClient.swift */ = {isa = PBXFileReference; includeInIndex = 1; lastKnownFileType = sourcecode.swift; path = WalletBackupAPIClient.swift; sourceTree = "<group>"; };
		738BA9CA18E6C0554584D6275A0478D5 /* ArcContractReaderTests.swift */ = {isa = PBXFileReference; includeInIndex = 1; lastKnownFileType = sourcecode.swift; path = ArcContractReaderTests.swift; sourceTree = "<group>"; };
		77814E15261112CAC862270B14851916 /* RecourseApp.swift */ = {isa = PBXFileReference; includeInIndex = 1; lastKnownFileType = sourcecode.swift; path = RecourseApp.swift; sourceTree = "<group>"; };
		785DEE92C3A6BB16F8184725401551E3 /* AppRouter.swift */ = {isa = PBXFileReference; includeInIndex = 1; lastKnownFileType = sourcecode.swift; path = AppRouter.swift; sourceTree = "<group>"; };
		78877AF6677BBEDCAAF7270525A450FE /* ChequeWorkflow.swift */ = {isa = PBXFileReference; includeInIndex = 1; lastKnownFileType = sourcecode.swift; path = ChequeWorkflow.swift; sourceTree = "<group>"; };
		7AC80A8F006BE64C29E80F5871DEB2D9 /* RecourseEscrow.abi.json */ = {isa = PBXFileReference; includeInIndex = 1; path = RecourseEscrow.abi.json; sourceTree = "<group>"; };
		7BF43555BB1DB7B6762356C3F2A09513 /* EvidenceAuthorization.swift */ = {isa = PBXFileReference; includeInIndex = 1; lastKnownFileType = sourcecode.swift; path = EvidenceAuthorization.swift; sourceTree = "<group>"; };
		7C5AD257A51DED7C1CC15D77872C6086 /* HomeView.swift */ = {isa = PBXFileReference; includeInIndex = 1; lastKnownFileType = sourcecode.swift; path = HomeView.swift; sourceTree = "<group>"; };
		7CC4F67B05361A72A9781FAABAFC2B88 /* USDCAmount.swift */ = {isa = PBXFileReference; includeInIndex = 1; lastKnownFileType = sourcecode.swift; path = USDCAmount.swift; sourceTree = "<group>"; };
		7F09BD33B5571FD99120F5DA36CA84EA /* ActiveAccount.swift */ = {isa = PBXFileReference; includeInIndex = 1; lastKnownFileType = sourcecode.swift; path = ActiveAccount.swift; sourceTree = "<group>"; };
		818B552689E7A73F17BFA53003AE12BD /* BuyerSettings.swift */ = {isa = PBXFileReference; includeInIndex = 1; lastKnownFileType = sourcecode.swift; path = BuyerSettings.swift; sourceTree = "<group>"; };
		826C74FFE30ADC9B13A04E3FA3415B2F /* FXQuote.swift */ = {isa = PBXFileReference; includeInIndex = 1; lastKnownFileType = sourcecode.swift; path = FXQuote.swift; sourceTree = "<group>"; };
		85BA8F0468F300E104F0E9F520C8A046 /* OnboardingReadyView.swift */ = {isa = PBXFileReference; includeInIndex = 1; lastKnownFileType = sourcecode.swift; path = OnboardingReadyView.swift; sourceTree = "<group>"; };
		8634A138EE0BC2481E82F544F156102B /* SendWorkflowTests.swift */ = {isa = PBXFileReference; includeInIndex = 1; lastKnownFileType = sourcecode.swift; path = SendWorkflowTests.swift; sourceTree = "<group>"; };
		86BBDDC133F54D837B56FA611B2DBFA5 /* RecourseFont.swift */ = {isa = PBXFileReference; includeInIndex = 1; lastKnownFileType = sourcecode.swift; path = RecourseFont.swift; sourceTree = "<group>"; };
		86FC3C9D0CE0CDED2425D7A5CBDF1E5E /* SafariWebView.swift */ = {isa = PBXFileReference; includeInIndex = 1; lastKnownFileType = sourcecode.swift; path = SafariWebView.swift; sourceTree = "<group>"; };
		8A853935EEABDE42A5E90A1ACE8552F7 /* OnboardingHeroArt.swift */ = {isa = PBXFileReference; includeInIndex = 1; lastKnownFileType = sourcecode.swift; path = OnboardingHeroArt.swift; sourceTree = "<group>"; };
		8ABEEBEB1DCDC4C16CDC59E07806090F /* DepositSheet.swift */ = {isa = PBXFileReference; includeInIndex = 1; lastKnownFileType = sourcecode.swift; path = DepositSheet.swift; sourceTree = "<group>"; };
		8C27815FC2596AE4D006DF97CC13F039 /* ChequeTests.swift */ = {isa = PBXFileReference; includeInIndex = 1; lastKnownFileType = sourcecode.swift; path = ChequeTests.swift; sourceTree = "<group>"; };
		8CA7DA6655CAD1749E59B90EA379413B /* SettlementVault.abi.json */ = {isa = PBXFileReference; includeInIndex = 1; path = SettlementVault.abi.json; sourceTree = "<group>"; };
		8F3896DD41B1ACE4D816911E47DCBA85 /* AccountSession.swift */ = {isa = PBXFileReference; includeInIndex = 1; lastKnownFileType = sourcecode.swift; path = AccountSession.swift; sourceTree = "<group>"; };
		91191EDC8EBA1DE27A8B0D3C471063B2 /* UnsignedTransaction.swift */ = {isa = PBXFileReference; includeInIndex = 1; lastKnownFileType = sourcecode.swift; path = UnsignedTransaction.swift; sourceTree = "<group>"; };
		9400AC151120818E20E2E641DE007AE4 /* OnboardingSignInView.swift */ = {isa = PBXFileReference; includeInIndex = 1; lastKnownFileType = sourcecode.swift; path = OnboardingSignInView.swift; sourceTree = "<group>"; };
		94674FA5F3E77180D7BFC76D9DD621AD /* InvoiceBook.swift */ = {isa = PBXFileReference; includeInIndex = 1; lastKnownFileType = sourcecode.swift; path = InvoiceBook.swift; sourceTree = "<group>"; };
		949015F01514ACCDA3123CF0B7B0DA15 /* EvidenceAPITransport.swift */ = {isa = PBXFileReference; includeInIndex = 1; lastKnownFileType = sourcecode.swift; path = EvidenceAPITransport.swift; sourceTree = "<group>"; };
		984DE491F1104EFD0B7FD626CF622F62 /* WalletExportView.swift */ = {isa = PBXFileReference; includeInIndex = 1; lastKnownFileType = sourcecode.swift; path = WalletExportView.swift; sourceTree = "<group>"; };
		99125DD5C2389F8CC3A5C29B3AC52D50 /* OnboardingWelcomeView.swift */ = {isa = PBXFileReference; includeInIndex = 1; lastKnownFileType = sourcecode.swift; path = OnboardingWelcomeView.swift; sourceTree = "<group>"; };
		9A4C50B585F1470CCA7EA1DA869D4096 /* RecourseGlass.swift */ = {isa = PBXFileReference; includeInIndex = 1; lastKnownFileType = sourcecode.swift; path = RecourseGlass.swift; sourceTree = "<group>"; };
		9E935116E1D16723CFA620CE5CB9DEA9 /* KeychainStore.swift */ = {isa = PBXFileReference; includeInIndex = 1; lastKnownFileType = sourcecode.swift; path = KeychainStore.swift; sourceTree = "<group>"; };
		9EDC479DAD68EE70FB9E0D62A9589143 /* Recourse.app */ = {isa = PBXFileReference; explicitFileType = wrapper.application; includeInIndex = 0; path = Recourse.app; sourceTree = BUILT_PRODUCTS_DIR; };
		A173885ECEE147EADCECB43DAE1DBB05 /* ChequesView.swift */ = {isa = PBXFileReference; includeInIndex = 1; lastKnownFileType = sourcecode.swift; path = ChequesView.swift; sourceTree = "<group>"; };
		A6E44FC285D880FEB727C1DEB6ED8DA2 /* MiniPair.abi.json */ = {isa = PBXFileReference; includeInIndex = 1; path = MiniPair.abi.json; sourceTree = "<group>"; };
		A8DB4EC29879FE7C38ACFED05C6F7BD2 /* RootView.swift */ = {isa = PBXFileReference; includeInIndex = 1; lastKnownFileType = sourcecode.swift; path = RootView.swift; sourceTree = "<group>"; };
		B0F44F28BCE9E53D72674A00997274F2 /* ReceiveAddressView.swift */ = {isa = PBXFileReference; includeInIndex = 1; lastKnownFileType = sourcecode.swift; path = ReceiveAddressView.swift; sourceTree = "<group>"; };
		B1DCFB47041556B135EEFDE5DEC93A89 /* WalletSnapshot.swift */ = {isa = PBXFileReference; includeInIndex = 1; lastKnownFileType = sourcecode.swift; path = WalletSnapshot.swift; sourceTree = "<group>"; };
		B3F6D5ADBDF26D684311B87EBF7020DC /* SupportView.swift */ = {isa = PBXFileReference; includeInIndex = 1; lastKnownFileType = sourcecode.swift; path = SupportView.swift; sourceTree = "<group>"; };
		B5E5A32AB75F597D57DADF628134CB5F /* ChequePaper.swift */ = {isa = PBXFileReference; includeInIndex = 1; lastKnownFileType = sourcecode.swift; path = ChequePaper.swift; sourceTree = "<group>"; };
		B8D2FCFA56C639B9884DBAD865FCE8F6 /* ActivityView.swift */ = {isa = PBXFileReference; includeInIndex = 1; lastKnownFileType = sourcecode.swift; path = ActivityView.swift; sourceTree = "<group>"; };
		BB3FE1406FB864AFA14D563275967B83 /* BuyerWorkflowError.swift */ = {isa = PBXFileReference; includeInIndex = 1; lastKnownFileType = sourcecode.swift; path = BuyerWorkflowError.swift; sourceTree = "<group>"; };
		BBE9EC8226E64DB7BA9B6B29A2207B45 /* TestnetLocalSigner.swift */ = {isa = PBXFileReference; includeInIndex = 1; lastKnownFileType = sourcecode.swift; path = TestnetLocalSigner.swift; sourceTree = "<group>"; };
		BFA9267BAF1CF4E3B929A7D876336E4A /* EarnView.swift */ = {isa = PBXFileReference; includeInIndex = 1; lastKnownFileType = sourcecode.swift; path = EarnView.swift; sourceTree = "<group>"; };
		C28DDD427CB16B858D00579D5DADD992 /* ChequeBook.swift */ = {isa = PBXFileReference; includeInIndex = 1; lastKnownFileType = sourcecode.swift; path = ChequeBook.swift; sourceTree = "<group>"; };
		C37DA77E5EB3610605B297A004E19AC9 /* HeroAmbientMotes.swift */ = {isa = PBXFileReference; includeInIndex = 1; lastKnownFileType = sourcecode.swift; path = HeroAmbientMotes.swift; sourceTree = "<group>"; };
		C53ED6767039559E9E71259880A50282 /* AccountAPIClient.swift */ = {isa = PBXFileReference; includeInIndex = 1; lastKnownFileType = sourcecode.swift; path = AccountAPIClient.swift; sourceTree = "<group>"; };
		C712F4B1BCBD668B069E94F442FAE4B4 /* GeneralSettingsViews.swift */ = {isa = PBXFileReference; includeInIndex = 1; lastKnownFileType = sourcecode.swift; path = GeneralSettingsViews.swift; sourceTree = "<group>"; };
		CA417CFEB155592DD1161BE451E9EA6D /* RecourseWidgets.appex */ = {isa = PBXFileReference; explicitFileType = "wrapper.app-extension"; includeInIndex = 0; path = RecourseWidgets.appex; sourceTree = BUILT_PRODUCTS_DIR; };
		CAB9BB0EDC8EF4D63F8CC88F26E04F61 /* ArcContractWriterTests.swift */ = {isa = PBXFileReference; includeInIndex = 1; lastKnownFileType = sourcecode.swift; path = ArcContractWriterTests.swift; sourceTree = "<group>"; };
		CB6B26C61440D1D9118375E9D6CF7DD0 /* TestnetLocalSignerTests.swift */ = {isa = PBXFileReference; includeInIndex = 1; lastKnownFileType = sourcecode.swift; path = TestnetLocalSignerTests.swift; sourceTree = "<group>"; };
		CC584F4944EC57E013DE2BFCA1C7AFCF /* InvoiceAPIClient.swift */ = {isa = PBXFileReference; includeInIndex = 1; lastKnownFileType = sourcecode.swift; path = InvoiceAPIClient.swift; sourceTree = "<group>"; };
		CD78A963E2CC82565E1EF2584ECB1B08 /* TransactionAuthorizer.swift */ = {isa = PBXFileReference; includeInIndex = 1; lastKnownFileType = sourcecode.swift; path = TransactionAuthorizer.swift; sourceTree = "<group>"; };
		D057F3760A9FBDBA02FB520FFD6F66CA /* Geist-SemiBold.otf */ = {isa = PBXFileReference; includeInIndex = 1; path = "Geist-SemiBold.otf"; sourceTree = "<group>"; };
		D2506DBAE8DE1D6393E081AD78F1D65F /* SecuritySettingsViews.swift */ = {isa = PBXFileReference; includeInIndex = 1; lastKnownFileType = sourcecode.swift; path = SecuritySettingsViews.swift; sourceTree = "<group>"; };
		D422BC0756217CBD5E42E90AA17A8ED3 /* ContractGateway.swift */ = {isa = PBXFileReference; includeInIndex = 1; lastKnownFileType = sourcecode.swift; path = ContractGateway.swift; sourceTree = "<group>"; };
		D6C93EB4CE2796BF46EE1503D36E43D9 /* InvoiceWorkflow.swift */ = {isa = PBXFileReference; includeInIndex = 1; lastKnownFileType = sourcecode.swift; path = InvoiceWorkflow.swift; sourceTree = "<group>"; };
		D9433F91216FDBE84D1F3243DC6F553B /* Geist-Regular.otf */ = {isa = PBXFileReference; includeInIndex = 1; path = "Geist-Regular.otf"; sourceTree = "<group>"; };
		D945BF3DA1DCAF4B48BF4882D36FB85B /* MiniRouter.abi.json */ = {isa = PBXFileReference; includeInIndex = 1; path = MiniRouter.abi.json; sourceTree = "<group>"; };
		DBD0CA15801B7EC18D5DB4420A73A885 /* OrderAPIClient.swift */ = {isa = PBXFileReference; includeInIndex = 1; lastKnownFileType = sourcecode.swift; path = OrderAPIClient.swift; sourceTree = "<group>"; };
		E140E9DEDA78123055B0441AE72435BD /* recourse-onboarding.mp4 */ = {isa = PBXFileReference; includeInIndex = 1; path = "recourse-onboarding.mp4"; sourceTree = "<group>"; };
		E61061A41C58A282E6E204373CA31CA7 /* HandleAPIClient.swift */ = {isa = PBXFileReference; includeInIndex = 1; lastKnownFileType = sourcecode.swift; path = HandleAPIClient.swift; sourceTree = "<group>"; };
		E98679E7F14D9408D7C45FA81428D273 /* PaymentModels.swift */ = {isa = PBXFileReference; includeInIndex = 1; lastKnownFileType = sourcecode.swift; path = PaymentModels.swift; sourceTree = "<group>"; };
		EB16E7D11E9FE2ACAEFAC3E42F586F7D /* ConvertView.swift */ = {isa = PBXFileReference; includeInIndex = 1; lastKnownFileType = sourcecode.swift; path = ConvertView.swift; sourceTree = "<group>"; };
		EC22214840DB659BF20EC8CF59C85836 /* SendWorkflow.swift */ = {isa = PBXFileReference; includeInIndex = 1; lastKnownFileType = sourcecode.swift; path = SendWorkflow.swift; sourceTree = "<group>"; };
		EC52E874962782AE38012A41269D8808 /* EvidenceAPIClient.swift */ = {isa = PBXFileReference; includeInIndex = 1; lastKnownFileType = sourcecode.swift; path = EvidenceAPIClient.swift; sourceTree = "<group>"; };
		EDD63E44BA179649EBB9162A00229158 /* DomainTestDoubles.swift */ = {isa = PBXFileReference; includeInIndex = 1; lastKnownFileType = sourcecode.swift; path = DomainTestDoubles.swift; sourceTree = "<group>"; };
		EE03D8E81E68DACA0D8877864938E548 /* Cheque.swift */ = {isa = PBXFileReference; includeInIndex = 1; lastKnownFileType = sourcecode.swift; path = Cheque.swift; sourceTree = "<group>"; };
		F4D6B0F915E0AF08D96070231621978F /* AppShellView.swift */ = {isa = PBXFileReference; includeInIndex = 1; lastKnownFileType = sourcecode.swift; path = AppShellView.swift; sourceTree = "<group>"; };
		F5848C6CD7CB80D7C67BCEE8CA5BC748 /* EthereumAddress.swift */ = {isa = PBXFileReference; includeInIndex = 1; lastKnownFileType = sourcecode.swift; path = EthereumAddress.swift; sourceTree = "<group>"; };
		FAC721C5B76A8C0E5AB89FF872CAB667 /* InvoicesView.swift */ = {isa = PBXFileReference; includeInIndex = 1; lastKnownFileType = sourcecode.swift; path = InvoicesView.swift; sourceTree = "<group>"; };
		FC01231908876BED7F1442A69CA37332 /* EvidenceAPIClientTests.swift */ = {isa = PBXFileReference; includeInIndex = 1; lastKnownFileType = sourcecode.swift; path = EvidenceAPIClientTests.swift; sourceTree = "<group>"; };
		FCBA33471675808EA0FFB39B5EDA5704 /* ClaimHandleView.swift */ = {isa = PBXFileReference; includeInIndex = 1; lastKnownFileType = sourcecode.swift; path = ClaimHandleView.swift; sourceTree = "<group>"; };
		FD1F6A9C8E95AC2A0CBC84A2D2B4CFCB /* KeychainStoreTests.swift */ = {isa = PBXFileReference; includeInIndex = 1; lastKnownFileType = sourcecode.swift; path = KeychainStoreTests.swift; sourceTree = "<group>"; };
		FEFD2512E22AA7F56B74153DEE07B250 /* Geist-Bold.otf */ = {isa = PBXFileReference; includeInIndex = 1; path = "Geist-Bold.otf"; sourceTree = "<group>"; };
		FF32098928EDE17BFD22BF91F04C5324 /* OrderManifestTests.swift */ = {isa = PBXFileReference; includeInIndex = 1; lastKnownFileType = sourcecode.swift; path = OrderManifestTests.swift; sourceTree = "<group>"; };
		FF99E9981BDB73415E2838D4CE491649 /* RecourseTests.xctest */ = {isa = PBXFileReference; explicitFileType = wrapper.cfbundle; includeInIndex = 0; path = RecourseTests.xctest; sourceTree = BUILT_PRODUCTS_DIR; };
/* End PBXFileReference section */

/* Begin PBXFrameworksBuildPhase section */
		227B5FC908F501046AC1485E123CE8E0 /* Frameworks */ = {
			isa = PBXFrameworksBuildPhase;
			buildActionMask = 2147483647;
			files = (
				881AC94F6A2D2A60C210C12A45E0C5EC /* Foundation.framework in Frameworks */,
				AB9DF1C918BBB6581F53985CE0DD64E2 /* web3swift in Frameworks */,
			);
			runOnlyForDeploymentPostprocessing = 0;
		};
		8A2948671ABEC95EA588BA32E3A434CC /* Frameworks */ = {
			isa = PBXFrameworksBuildPhase;
			buildActionMask = 2147483647;
			files = (
				A9B84E2F8CFA3149C31DD61E33E4083F /* Foundation.framework in Frameworks */,
			);
			runOnlyForDeploymentPostprocessing = 0;
		};
		F6D81458C7A75F13E7F1D3513257D2AF /* Frameworks */ = {
			isa = PBXFrameworksBuildPhase;
			buildActionMask = 2147483647;
			files = (
				8A5D48A4581117DB630858557686B9A1 /* Foundation.framework in Frameworks */,
			);
			runOnlyForDeploymentPostprocessing = 0;
		};
/* End PBXFrameworksBuildPhase section */

/* Begin PBXGroup section */
		0316AFF35342F4045D34EE0779F52293 /* DesignSystem */ = {
			isa = PBXGroup;
			children = (
				C37DA77E5EB3610605B297A004E19AC9 /* HeroAmbientMotes.swift */,
				8A853935EEABDE42A5E90A1ACE8552F7 /* OnboardingHeroArt.swift */,
				3626993D138CF64352BEC8B82E1FCD96 /* OnboardingHeroVideo.swift */,
				004DE388D3690AFB5E13B3B48B8A9477 /* RecourseAnimatedStoryBackground.swift */,
				6733CE4A0DC2FEDBDE784412D8E061AC /* RecourseColor.swift */,
				86BBDDC133F54D837B56FA611B2DBFA5 /* RecourseFont.swift */,
				9A4C50B585F1470CCA7EA1DA869D4096 /* RecourseGlass.swift */,
				27FA56DFA9A27D1C69EE04C882D5F6F2 /* RecourseTypography.swift */,
				86FC3C9D0CE0CDED2425D7A5CBDF1E5E /* SafariWebView.swift */,
				1C73676FF593C7FC1DC4C5BEBD872BFE /* WalletCardStyle.swift */,
			);
			name = DesignSystem;
			path = DesignSystem;
			sourceTree = "<group>";
		};
		2CE5BD3D139C36CF6675258B1F0B74A0 /* Home */ = {
			isa = PBXGroup;
			children = (
				8ABEEBEB1DCDC4C16CDC59E07806090F /* DepositSheet.swift */,
				7C5AD257A51DED7C1CC15D77872C6086 /* HomeView.swift */,
				B0F44F28BCE9E53D72674A00997274F2 /* ReceiveAddressView.swift */,
			);
			name = Home;
			path = Home;
			sourceTree = "<group>";
		};
		2FFBFB49744697582FDF1007772E1C62 /* Fonts */ = {
			isa = PBXGroup;
			children = (
				FEFD2512E22AA7F56B74153DEE07B250 /* Geist-Bold.otf */,
				08298CCA1ACF86FDA034E6300CDCBDF7 /* Geist-Medium.otf */,
				D9433F91216FDBE84D1F3243DC6F553B /* Geist-Regular.otf */,
				D057F3760A9FBDBA02FB520FFD6F66CA /* Geist-SemiBold.otf */,
			);
			name = Fonts;
			path = Fonts;
			sourceTree = "<group>";
		};
		321B4A60ADFD807D3DFFC22CEA48C67C /* Video */ = {
			isa = PBXGroup;
			children = (
				E140E9DEDA78123055B0441AE72435BD /* recourse-onboarding.mp4 */,
			);
			name = Video;
			path = Video;
			sourceTree = "<group>";
		};
		328E1E112DCA2EED8AD688EDFC90133B /* Onboarding */ = {
			isa = PBXGroup;
			children = (
				0DAFE0FDEF6456DB5D2937364456876D /* OnboardingFlowView.swift */,
				85BA8F0468F300E104F0E9F520C8A046 /* OnboardingReadyView.swift */,
				418134A5A1FF95DA376F70E36B3C10F0 /* OnboardingSetupView.swift */,
				9400AC151120818E20E2E641DE007AE4 /* OnboardingSignInView.swift */,
				99125DD5C2389F8CC3A5C29B3AC52D50 /* OnboardingWelcomeView.swift */,
			);
			name = Onboarding;
			path = Onboarding;
			sourceTree = "<group>";
		};
		38A7CD410CFFA93D0301D355E737312E /* Convert */ = {
			isa = PBXGroup;
			children = (
				EB16E7D11E9FE2ACAEFAC3E42F586F7D /* ConvertView.swift */,
			);
			name = Convert;
			path = Convert;
			sourceTree = "<group>";
		};
		3C4D919F8272098905EC02C95245809F /* RecourseWidgets */ = {
			isa = PBXGroup;
			children = (
				13877B90709387D5BEA1FCFB64290C80 /* RecourseWidgetsBundle.swift */,
				33BBFA585F8BF0D90AE07CB3E4FEE527 /* RecourseWidgets.entitlements */,
			);
			name = RecourseWidgets;
			path = RecourseWidgets;
			sourceTree = "<group>";
		};
		45801D5DBBA12FA8E130D36414B822C1 /* QR */ = {
			isa = PBXGroup;
			children = (
				04672AA01C455BCED5AC31A13A0ED00C /* PaymentRequest.swift */,
			);
			name = QR;
			path = QR;
			sourceTree = "<group>";
		};
		4C3F32BD661C29A7B1AC37198C270A45 /* Features */ = {
			isa = PBXGroup;
			children = (
				5A808D8704B16DE776BD925939DB44DF /* Activity */,
				BB3580D991408AF9925A71C1712ED0D9 /* Cheques */,
				38A7CD410CFFA93D0301D355E737312E /* Convert */,
				66E4136C5B1906984C17DB2CB49C5E8C /* Earn */,
				2CE5BD3D139C36CF6675258B1F0B74A0 /* Home */,
				AAF11C66F35B5B64636C8F865CC34072 /* Invoices */,
				328E1E112DCA2EED8AD688EDFC90133B /* Onboarding */,
				BAB506037ACDF47736C4DA4F1A517A3F /* Profile */,
				D313BF548F388AA8038DA691976DCBB0 /* Send */,
				7232318856B0F85756A9E8A29CDC3215 /* Support */,
			);
			name = Features;
			path = Features;
			sourceTree = "<group>";
		};
		5A808D8704B16DE776BD925939DB44DF /* Activity */ = {
			isa = PBXGroup;
			children = (
				B8D2FCFA56C639B9884DBAD865FCE8F6 /* ActivityView.swift */,
			);
			name = Activity;
			path = Activity;
			sourceTree = "<group>";
		};
		5EA93977827ECCE89B96C9A3DB434B71 /* Chain */ = {
			isa = PBXGroup;
			children = (
				0424211440E463E5BDA801E022AD924A /* ArcContractGateway.swift */,
				6308C3EFB68734DE627D9D60F62F44E8 /* ArcContractReader.swift */,
				27E4C835D4611E08CC83D7034736D6F1 /* ArcContractWriter.swift */,
				02435130ED960BD42BB780709B98ECBB /* ArcRPCTransport.swift */,
				2D7DBD1886E41424B15F1D4D503025A1 /* ContractABI.swift */,
				D422BC0756217CBD5E42E90AA17A8ED3 /* ContractGateway.swift */,
				91191EDC8EBA1DE27A8B0D3C471063B2 /* UnsignedTransaction.swift */,
			);
			name = Chain;
			path = Chain;
			sourceTree = "<group>";
		};
		6514E611647AD3E408E0744E92FB43C0 = {
			isa = PBXGroup;
			children = (
				EDAE716DFABEF4E588555C7319F3D506 /* Products */,
				E3D7AEC74C231C33B8C66A1822A26C0F /* Frameworks */,
				8D219E4839E4B61683BB268F7E1197FD /* Recourse */,
				E482C8B75026ECFE4F42BD75EE4E6288 /* RecourseTests */,
				3C4D919F8272098905EC02C95245809F /* RecourseWidgets */,
				B2C1C18FBE8F7C373A8D19410EFEF752 /* Shared */,
			);
			sourceTree = "<group>";
		};
		6526885A1F1416B1D4755045244670F3 /* API */ = {
			isa = PBXGroup;
			children = (
				C53ED6767039559E9E71259880A50282 /* AccountAPIClient.swift */,
				4BF264B6F095826A5BDDFBABEC9D1EC2 /* ChequeAPIClient.swift */,
				EC52E874962782AE38012A41269D8808 /* EvidenceAPIClient.swift */,
				949015F01514ACCDA3123CF0B7B0DA15 /* EvidenceAPITransport.swift */,
				7BF43555BB1DB7B6762356C3F2A09513 /* EvidenceAuthorization.swift */,
				E61061A41C58A282E6E204373CA31CA7 /* HandleAPIClient.swift */,
				CC584F4944EC57E013DE2BFCA1C7AFCF /* InvoiceAPIClient.swift */,
				DBD0CA15801B7EC18D5DB4420A73A885 /* OrderAPIClient.swift */,
				6E2CEAB5EABD537E98A8691E15BFE6C6 /* WalletBackupAPIClient.swift */,
			);
			name = API;
			path = API;
			sourceTree = "<group>";
		};
		66E4136C5B1906984C17DB2CB49C5E8C /* Earn */ = {
			isa = PBXGroup;
			children = (
				BFA9267BAF1CF4E3B929A7D876336E4A /* EarnView.swift */,
			);
			name = Earn;
			path = Earn;
			sourceTree = "<group>";
		};
		7232318856B0F85756A9E8A29CDC3215 /* Support */ = {
			isa = PBXGroup;
			children = (
				B3F6D5ADBDF26D684311B87EBF7020DC /* SupportView.swift */,
			);
			name = Support;
			path = Support;
			sourceTree = "<group>";
		};
		76DDE48F4669B5EAB2203E94BA8909FE /* Orders */ = {
			isa = PBXGroup;
			children = (
				50108EE66DBF9EC3AE2966A9D4C909DE /* OrderManifest.swift */,
			);
			name = Orders;
			path = Orders;
			sourceTree = "<group>";
		};
		8CCE03F6F1767A9AE2B5EA0BB982FC12 /* Domain */ = {
			isa = PBXGroup;
			children = (
				818B552689E7A73F17BFA53003AE12BD /* BuyerSettings.swift */,
				BB3FE1406FB864AFA14D563275967B83 /* BuyerWorkflowError.swift */,
				2485AF94AFFF72326391292550CB5F03 /* ChainHash.swift */,
				EE03D8E81E68DACA0D8877864938E548 /* Cheque.swift */,
				C28DDD427CB16B858D00579D5DADD992 /* ChequeBook.swift */,
				F5848C6CD7CB80D7C67BCEE8CA5BC748 /* EthereumAddress.swift */,
				826C74FFE30ADC9B13A04E3FA3415B2F /* FXQuote.swift */,
				94674FA5F3E77180D7BFC76D9DD621AD /* InvoiceBook.swift */,
				E98679E7F14D9408D7C45FA81428D273 /* PaymentModels.swift */,
				7CC4F67B05361A72A9781FAABAFC2B88 /* USDCAmount.swift */,
			);
			name = Domain;
			path = Domain;
			sourceTree = "<group>";
		};
		8D219E4839E4B61683BB268F7E1197FD /* Recourse */ = {
			isa = PBXGroup;
			children = (
				F10EC4E42E7051AD28BF53A36C6FB2AB /* App */,
				D76A200E19B403B71C0125E839C49E32 /* Core */,
				4C3F32BD661C29A7B1AC37198C270A45 /* Features */,
				D67D14618489A00643EC1B81F5DAA953 /* Generated */,
				0AFB9151840110618C7AA3071DBA9272 /* Recourse.entitlements */,
				CCD51A069BE10A1AE1193D517A124C26 /* Resources */,
			);
			name = Recourse;
			path = Recourse;
			sourceTree = "<group>";
		};
		AAF11C66F35B5B64636C8F865CC34072 /* Invoices */ = {
			isa = PBXGroup;
			children = (
				DBE702182476F34B2332FE5EAB43E414 /* Domain */,
				49AFC40C008633827B9A155496288BA9 /* InvoiceDetailView.swift */,
				FAC721C5B76A8C0E5AB89FF872CAB667 /* InvoicesView.swift */,
				06830C6CF9EF33D84D8F7B5481097DEF /* NewInvoiceView.swift */,
			);
			name = Invoices;
			path = Invoices;
			sourceTree = "<group>";
		};
		B2C1C18FBE8F7C373A8D19410EFEF752 /* Shared */ = {
			isa = PBXGroup;
			children = (
				B1DCFB47041556B135EEFDE5DEC93A89 /* WalletSnapshot.swift */,
			);
			name = Shared;
			path = Shared;
			sourceTree = "<group>";
		};
		BAB506037ACDF47736C4DA4F1A517A3F /* Profile */ = {
			isa = PBXGroup;
			children = (
				34853A7FE08E9B54850BF3B8B7C00341 /* AccountFoundationView.swift */,
				FCBA33471675808EA0FFB39B5EDA5704 /* ClaimHandleView.swift */,
				C712F4B1BCBD668B069E94F442FAE4B4 /* GeneralSettingsViews.swift */,
				44AAB80039A82F2418DD96655D137DDE /* PasskeyPRFProbeView.swift */,
				D2506DBAE8DE1D6393E081AD78F1D65F /* SecuritySettingsViews.swift */,
				984DE491F1104EFD0B7FD626CF622F62 /* WalletExportView.swift */,
				611787E5BEB9A693358ABB8264C1452B /* WalletRecoveryView.swift */,
			);
			name = Profile;
			path = Profile;
			sourceTree = "<group>";
		};
		BB3580D991408AF9925A71C1712ED0D9 /* Cheques */ = {
			isa = PBXGroup;
			children = (
				5467A9D02683FFAD5894526735BE52E1 /* ChequeDetailView.swift */,
				B5E5A32AB75F597D57DADF628134CB5F /* ChequePaper.swift */,
				A173885ECEE147EADCECB43DAE1DBB05 /* ChequesView.swift */,
				E4A46D348988044BF88848C7F934EA1F /* Domain */,
				244ACA74F5F7C8864842A133B76ED902 /* WriteChequeView.swift */,
			);
			name = Cheques;
			path = Cheques;
			sourceTree = "<group>";
		};
		BB4BB1CAEC460657995849EF36D00D3F /* Config */ = {
			isa = PBXGroup;
			children = (
				2319F047D7A1BABA13D42C5E043968A7 /* AppConfiguration.swift */,
			);
			name = Config;
			path = Config;
			sourceTree = "<group>";
		};
		CCD51A069BE10A1AE1193D517A124C26 /* Resources */ = {
			isa = PBXGroup;
			children = (
				EE5F3FE19C41ABB0DF7E11F108CF893E /* ABI */,
				2FFBFB49744697582FDF1007772E1C62 /* Fonts */,
				321B4A60ADFD807D3DFFC22CEA48C67C /* Video */,
				2ABD21E37E553D2F8D86FB45F64F4194 /* Images.xcassets */,
			);
			name = Resources;
			path = Resources;
			sourceTree = "<group>";
		};
		CF8A393C0E77F57F02A2F2B6911EC818 /* Domain */ = {
			isa = PBXGroup;
			children = (
				EC22214840DB659BF20EC8CF59C85836 /* SendWorkflow.swift */,
			);
			name = Domain;
			path = Domain;
			sourceTree = "<group>";
		};
		D313BF548F388AA8038DA691976DCBB0 /* Send */ = {
			isa = PBXGroup;
			children = (
				CF8A393C0E77F57F02A2F2B6911EC818 /* Domain */,
				2111038B512462018E36B25366B355D7 /* SendMoneyView.swift */,
			);
			name = Send;
			path = Send;
			sourceTree = "<group>";
		};
		D67D14618489A00643EC1B81F5DAA953 /* Generated */ = {
			isa = PBXGroup;
			children = (
				060FAFF60C4115224A5738CF5FC76586 /* Deployment.swift */,
			);
			name = Generated;
			path = Generated;
			sourceTree = "<group>";
		};
		D76A200E19B403B71C0125E839C49E32 /* Core */ = {
			isa = PBXGroup;
			children = (
				6526885A1F1416B1D4755045244670F3 /* API */,
				DFA431E805EC6E3C2D7F8B02119A8EA2 /* Auth */,
				5EA93977827ECCE89B96C9A3DB434B71 /* Chain */,
				BB4BB1CAEC460657995849EF36D00D3F /* Config */,
				0316AFF35342F4045D34EE0779F52293 /* DesignSystem */,
				8CCE03F6F1767A9AE2B5EA0BB982FC12 /* Domain */,
				76DDE48F4669B5EAB2203E94BA8909FE /* Orders */,
				45801D5DBBA12FA8E130D36414B822C1 /* QR */,
			);
			name = Core;
			path = Core;
			sourceTree = "<group>";
		};
		DBE702182476F34B2332FE5EAB43E414 /* Domain */ = {
			isa = PBXGroup;
			children = (
				D6C93EB4CE2796BF46EE1503D36E43D9 /* InvoiceWorkflow.swift */,
			);
			name = Domain;
			path = Domain;
			sourceTree = "<group>";
		};
		DFA431E805EC6E3C2D7F8B02119A8EA2 /* Auth */ = {
			isa = PBXGroup;
			children = (
				8F3896DD41B1ACE4D816911E47DCBA85 /* AccountSession.swift */,
				7F09BD33B5571FD99120F5DA36CA84EA /* ActiveAccount.swift */,
				2A7AFA6ED17BD3BEA866A7EFE6D7FA45 /* BuyerSigner.swift */,
				5AFE37ACF5E828531F3577BB019F31F4 /* GoogleSignInCoordinator.swift */,
				9E935116E1D16723CFA620CE5CB9DEA9 /* KeychainStore.swift */,
				BBE9EC8226E64DB7BA9B6B29A2207B45 /* TestnetLocalSigner.swift */,
				CD78A963E2CC82565E1EF2584ECB1B08 /* TransactionAuthorizer.swift */,
				2A8040346CE9DA99D46C243F7728A78C /* WalletBackup.swift */,
			);
			name = Auth;
			path = Auth;
			sourceTree = "<group>";
		};
		E3D7AEC74C231C33B8C66A1822A26C0F /* Frameworks */ = {
			isa = PBXGroup;
			children = (
				FAFCB95B591FE632F04CC2B744C361E8 /* iOS */,
			);
			name = Frameworks;
			sourceTree = "<group>";
		};
		E482C8B75026ECFE4F42BD75EE4E6288 /* RecourseTests */ = {
			isa = PBXGroup;
			children = (
				407672BC5E25FAC765A84A6015309294 /* AccountSessionTests.swift */,
				738BA9CA18E6C0554584D6275A0478D5 /* ArcContractReaderTests.swift */,
				CAB9BB0EDC8EF4D63F8CC88F26E04F61 /* ArcContractWriterTests.swift */,
				498147FD1ED92C8E27A9584087F5920D /* ArcLiveReadTests.swift */,
				24EA0365E875792FA3AFB9E34D9D1744 /* ArcLocalWriteTests.swift */,
				229796F6DDFF23F7E98CDA72AD9B3E5C /* BuyerSettingsTests.swift */,
				8C27815FC2596AE4D006DF97CC13F039 /* ChequeTests.swift */,
				594298D9F6B93E3FADF41B38683DD753 /* ChequeWorkflowTests.swift */,
				4B3DF149523DD8A52992027B2E50A460 /* ContractABITests.swift */,
				EDD63E44BA179649EBB9162A00229158 /* DomainTestDoubles.swift */,
				FC01231908876BED7F1442A69CA37332 /* EvidenceAPIClientTests.swift */,
				55462BD96C6896DFF037D9DFE564B824 /* FXQuoteTests.swift */,
				2925F542E77F5E8C8788020C65C94178 /* HandleAPIClientTests.swift */,
				026AFC1EBB12610E49749E9001328945 /* InvoiceWorkflowTests.swift */,
				FD1F6A9C8E95AC2A0CBC84A2D2B4CFCB /* KeychainStoreTests.swift */,
				FF32098928EDE17BFD22BF91F04C5324 /* OrderManifestTests.swift */,
				8634A138EE0BC2481E82F544F156102B /* SendWorkflowTests.swift */,
				CB6B26C61440D1D9118375E9D6CF7DD0 /* TestnetLocalSignerTests.swift */,
				04D62259872E7C5703DE2C3DF17B1349 /* USDCAmountTests.swift */,
				52B10F5D3AA43D06136D3CBB6883E703 /* WalletBackupTests.swift */,
			);
			name = RecourseTests;
			path = RecourseTests;
			sourceTree = "<group>";
		};
		E4A46D348988044BF88848C7F934EA1F /* Domain */ = {
			isa = PBXGroup;
			children = (
				78877AF6677BBEDCAAF7270525A450FE /* ChequeWorkflow.swift */,
			);
			name = Domain;
			path = Domain;
			sourceTree = "<group>";
		};
		EDAE716DFABEF4E588555C7319F3D506 /* Products */ = {
			isa = PBXGroup;
			children = (
				9EDC479DAD68EE70FB9E0D62A9589143 /* Recourse.app */,
				FF99E9981BDB73415E2838D4CE491649 /* RecourseTests.xctest */,
				CA417CFEB155592DD1161BE451E9EA6D /* RecourseWidgets.appex */,
			);
			name = Products;
			sourceTree = "<group>";
		};
		EE5F3FE19C41ABB0DF7E11F108CF893E /* ABI */ = {
			isa = PBXGroup;
			children = (
				12179F46DE71EB8D2F2A301DA3004578 /* IERC20.abi.json */,
				A6E44FC285D880FEB727C1DEB6ED8DA2 /* MiniPair.abi.json */,
				D945BF3DA1DCAF4B48BF4882D36FB85B /* MiniRouter.abi.json */,
				3356DD1E2F2FC58C1AA6869B50D9A8A1 /* PolicyRegistry.abi.json */,
				7AC80A8F006BE64C29E80F5871DEB2D9 /* RecourseEscrow.abi.json */,
				8CA7DA6655CAD1749E59B90EA379413B /* SettlementVault.abi.json */,
			);
			name = ABI;
			path = ABI;
			sourceTree = "<group>";
		};
		F10EC4E42E7051AD28BF53A36C6FB2AB /* App */ = {
			isa = PBXGroup;
			children = (
				252B4A810A121ED7B256758B3C2F455D /* AppEnvironment.swift */,
				785DEE92C3A6BB16F8184725401551E3 /* AppRouter.swift */,
				F4D6B0F915E0AF08D96070231621978F /* AppShellView.swift */,
				77814E15261112CAC862270B14851916 /* RecourseApp.swift */,
				A8DB4EC29879FE7C38ACFED05C6F7BD2 /* RootView.swift */,
				3B305D17BE5615FAABE2F745C910147E /* SplashView.swift */,
			);
			name = App;
			path = App;
			sourceTree = "<group>";
		};
		FAFCB95B591FE632F04CC2B744C361E8 /* iOS */ = {
			isa = PBXGroup;
			children = (
				461E2A2E3C422B764B056DAFBD485F46 /* Foundation.framework */,
			);
			name = iOS;
			sourceTree = "<group>";
		};
/* End PBXGroup section */

/* Begin PBXNativeTarget section */
		99EB96DCA16A32366613D14C17CA69AF /* RecourseWidgets */ = {
			isa = PBXNativeTarget;
			buildConfigurationList = 199C704EDDBC438F775D09633A389AA4 /* Build configuration list for PBXNativeTarget "RecourseWidgets" */;
			buildPhases = (
				E380AF52EBB5FE2BD51F8E5313946E0B /* Sources */,
				F6D81458C7A75F13E7F1D3513257D2AF /* Frameworks */,
				F8461844A77AF8C2032E284D167A4D89 /* Resources */,
			);
			buildRules = (
			);
			dependencies = (
			);
			name = RecourseWidgets;
			productName = RecourseWidgets;
			productReference = CA417CFEB155592DD1161BE451E9EA6D /* RecourseWidgets.appex */;
			productType = "com.apple.product-type.app-extension";
		};
		9D28263A4409CE67A692D7FC1B467796 /* RecourseTests */ = {
			isa = PBXNativeTarget;
			buildConfigurationList = E3E463C514044C2384FA8AE85F1C8755 /* Build configuration list for PBXNativeTarget "RecourseTests" */;
			buildPhases = (
				2233A76B433A050096FDAEDAFB26EBC5 /* Sources */,
				8A2948671ABEC95EA588BA32E3A434CC /* Frameworks */,
				A4ADD263D0B5E7A317BAC46A84CE08F4 /* Resources */,
			);
			buildRules = (
			);
			dependencies = (
				D1D1D1D1D1D1D1D1D1D1D1D1 /* PBXTargetDependency */,
			);
			name = RecourseTests;
			productName = RecourseTests;
			productReference = FF99E9981BDB73415E2838D4CE491649 /* RecourseTests.xctest */;
			productType = "com.apple.product-type.bundle.unit-test";
		};
		D754159A8204C8E39CC04E93DF62C5E1 /* Recourse */ = {
			isa = PBXNativeTarget;
			buildConfigurationList = 98F4924971781E49F9F0C987E2EFC31B /* Build configuration list for PBXNativeTarget "Recourse" */;
			buildPhases = (
				A086341F0B6FD06150A6D86D8570271E /* Generate deployment configuration */,
				357FA984DEBE4A457054E4DBE4BCD5B9 /* Sources */,
				227B5FC908F501046AC1485E123CE8E0 /* Frameworks */,
				6B7FC882920747D43F972AFE0ADB35D9 /* Resources */,
				2C80EF556C3E42E44EDB7C6EE268690B /* Embed Foundation Extensions */,
			);
			buildRules = (
			);
			dependencies = (
				788BD694189A7D0EAA80C503FC3981AC /* PBXTargetDependency */,
			);
			name = Recourse;
			packageProductDependencies = (
				01882D01E573B2108806FB6F60CA6A07 /* web3swift */,
			);
			productName = Recourse;
			productReference = 9EDC479DAD68EE70FB9E0D62A9589143 /* Recourse.app */;
			productType = "com.apple.product-type.application";
		};
/* End PBXNativeTarget section */

/* Begin PBXProject section */
		498DC937A1FC09EEF0292161E8444EBB /* Project object */ = {
			isa = PBXProject;
			attributes = {
				LastSwiftUpdateCheck = 2640;
				LastUpgradeCheck = 2640;
				TargetAttributes = {
					99EB96DCA16A32366613D14C17CA69AF = {
						SystemCapabilities = {
							com.apple.ApplicationGroups.iOS = {
								enabled = 1;
							};
						};
					};
					D754159A8204C8E39CC04E93DF62C5E1 = {
						SystemCapabilities = {
							com.apple.ApplicationGroups.iOS = {
								enabled = 1;
							};
							com.apple.SignInWithApple = {
								enabled = 1;
							};
						};
					};
				};
			};
			buildConfigurationList = 5CDB10D1881F55B5A6177E6B7E823C40 /* Build configuration list for PBXProject "Recourse" */;
			compatibilityVersion = "Xcode 3.2";
			developmentRegion = en;
			hasScannedForEncodings = 0;
			knownRegions = (
				en,
				Base,
			);
			mainGroup = 6514E611647AD3E408E0744E92FB43C0;
			minimizedProjectReferenceProxies = 0;
			packageReferences = (
				1083F5E454B395813189F2EFA6F58262 /* XCRemoteSwiftPackageReference "web3swift" */,
			);
			preferredProjectObjectVersion = 77;
			productRefGroup = EDAE716DFABEF4E588555C7319F3D506 /* Products */;
			projectDirPath = "";
			projectRoot = "";
			targets = (
				D754159A8204C8E39CC04E93DF62C5E1 /* Recourse */,
				9D28263A4409CE67A692D7FC1B467796 /* RecourseTests */,
				99EB96DCA16A32366613D14C17CA69AF /* RecourseWidgets */,
			);
		};
/* End PBXProject section */

/* Begin PBXResourcesBuildPhase section */
		6B7FC882920747D43F972AFE0ADB35D9 /* Resources */ = {
			isa = PBXResourcesBuildPhase;
			buildActionMask = 2147483647;
			files = (
				CC5265EE7E3F9D243656AC6FCB44EEF0 /* IERC20.abi.json in Resources */,
				86B5A5BEDC66BBE283A08C0224D16749 /* MiniPair.abi.json in Resources */,
				8A2207134B08BB0966D4034C933D44CB /* MiniRouter.abi.json in Resources */,
				563835EBAB0F97B9019C0CD081C91297 /* PolicyRegistry.abi.json in Resources */,
				31DA83D50F372CF2ACCE6253ED899F34 /* RecourseEscrow.abi.json in Resources */,
				13DF5268CF9648921963F2F9D2D4B715 /* SettlementVault.abi.json in Resources */,
				248D60782F607F2F03E987B99F2E094B /* Geist-Bold.otf in Resources */,
				1B7EF3D07D74FF2F3714AD64976AAAD9 /* Geist-Medium.otf in Resources */,
				1095A5251B2DC92D955307BBFE72EFF8 /* Geist-Regular.otf in Resources */,
				930160523FE21BF96C7BA87F4A4CC70B /* Geist-SemiBold.otf in Resources */,
				576DB8109175F7566031D1594D171818 /* recourse-onboarding.mp4 in Resources */,
				7A20992D3A19BE0066F9637A43AE44E6 /* Images.xcassets in Resources */,
			);
			runOnlyForDeploymentPostprocessing = 0;
		};
		A4ADD263D0B5E7A317BAC46A84CE08F4 /* Resources */ = {
			isa = PBXResourcesBuildPhase;
			buildActionMask = 2147483647;
			files = (
			);
			runOnlyForDeploymentPostprocessing = 0;
		};
		F8461844A77AF8C2032E284D167A4D89 /* Resources */ = {
			isa = PBXResourcesBuildPhase;
			buildActionMask = 2147483647;
			files = (
			);
			runOnlyForDeploymentPostprocessing = 0;
		};
/* End PBXResourcesBuildPhase section */

/* Begin PBXShellScriptBuildPhase section */
		A086341F0B6FD06150A6D86D8570271E /* Generate deployment configuration */ = {
			isa = PBXShellScriptBuildPhase;
			buildActionMask = 2147483647;
			files = (
			);
			inputFileListPaths = (
			);
			inputPaths = (
				"$(SRCROOT)/../deployments/arc-testnet.json",
				"$(SRCROOT)/../deployments/arc-config.json",
				"$(SRCROOT)/../ops/codegen.mjs",
			);
			name = "Generate deployment configuration";
			outputFileListPaths = (
			);
			outputPaths = (
				"$(SRCROOT)/Recourse/Generated/Deployment.swift",
			);
			runOnlyForDeploymentPostprocessing = 0;
			shellPath = /bin/sh;
			shellScript = "set -euo pipefail\ncd \"${SRCROOT}/..\"\nnode ops/codegen.mjs\n";
		};
/* End PBXShellScriptBuildPhase section */

/* Begin PBXSourcesBuildPhase section */
		2233A76B433A050096FDAEDAFB26EBC5 /* Sources */ = {
			isa = PBXSourcesBuildPhase;
			buildActionMask = 2147483647;
			files = (
				2FE06145EDCA9A48BACA1FB663652D86 /* AccountSessionTests.swift in Sources */,
				4C452695F26203D06E34769DDE4EC59E /* ArcContractReaderTests.swift in Sources */,
				7A0C652BF95BF30430479A117F0DB540 /* ArcContractWriterTests.swift in Sources */,
				F1E6CBCBEC64619E137ED7ADF1EFDE9B /* ArcLiveReadTests.swift in Sources */,
				BCECAB69F9FF57A04D0A261067EB7E0C /* ArcLocalWriteTests.swift in Sources */,
				A114CD5D3B12112CDE38A73050FA373A /* BuyerSettingsTests.swift in Sources */,
				270B4718CC53BE3F0037339EAF8B54A2 /* ChequeTests.swift in Sources */,
				FA6B71BF5531D8F38ED253408364ADA9 /* ChequeWorkflowTests.swift in Sources */,
				5C45B04A2A33B7A917C3B6B1A635CDB0 /* ContractABITests.swift in Sources */,
				11BB69DFBAD4ED584BE1C6870841C703 /* DomainTestDoubles.swift in Sources */,
				ED577CD3252A83F831F2805619478BB2 /* EvidenceAPIClientTests.swift in Sources */,
				520DB225F3FF61A25A484FF33359F8EE /* FXQuoteTests.swift in Sources */,
				0AC023CC5203BC9FF1D1C476937C3BA5 /* HandleAPIClientTests.swift in Sources */,
				A166391F170C3958A130015D816B4ED2 /* InvoiceWorkflowTests.swift in Sources */,
				CDD7A6DAC323E14BFE6C7F254FDC1BA0 /* KeychainStoreTests.swift in Sources */,
				6553AD768360CF0939335BDF9E118943 /* OrderManifestTests.swift in Sources */,
				0EF3A41C1A7C6BAE0A4BBA3929B9F82F /* SendWorkflowTests.swift in Sources */,
				8CFC82067F4141BCB209E06944F75322 /* TestnetLocalSignerTests.swift in Sources */,
				11189126C7D1F427496926174B4A3748 /* USDCAmountTests.swift in Sources */,
				B00385C4203BA71FC662711A1EDBDC4D /* WalletBackupTests.swift in Sources */,
			);
			runOnlyForDeploymentPostprocessing = 0;
		};
		357FA984DEBE4A457054E4DBE4BCD5B9 /* Sources */ = {
			isa = PBXSourcesBuildPhase;
			buildActionMask = 2147483647;
			files = (
				C1A0828EBBB29E307D3D832E6ABBADF0 /* AppEnvironment.swift in Sources */,
				69D4DF7172A240C021E23A0F91C6D957 /* AppRouter.swift in Sources */,
				670F7FE2D2727A38D2CFE2D2D0221A00 /* AppShellView.swift in Sources */,
				F382BA7E373AB4056FB84B9486D21E95 /* RecourseApp.swift in Sources */,
				14806CE68E1817B380487B47B33C1617 /* RootView.swift in Sources */,
				4D4DCDC303B7918C7EE1182F58400660 /* SplashView.swift in Sources */,
				D9988855E7BA98E09EBF47308CBB37DF /* AccountAPIClient.swift in Sources */,
				5AF804D885BD670D17251904DC3383C8 /* ChequeAPIClient.swift in Sources */,
				AEBD067B54B078F7A8FB107274B9EBA6 /* EvidenceAPIClient.swift in Sources */,
				744C097D53DA951BBFAC4264A16A41A6 /* EvidenceAPITransport.swift in Sources */,
				A2640244C332E513C320ADA4734CA569 /* EvidenceAuthorization.swift in Sources */,
				E91D57A43E8CC99F1099C119BBC76139 /* HandleAPIClient.swift in Sources */,
				5C661F99176CF2CA5392E88F13BD9546 /* InvoiceAPIClient.swift in Sources */,
				BB3F0D60DC346FF6E16C89AA20AF1B08 /* OrderAPIClient.swift in Sources */,
				8F1AAE94A9601CDB5E30A5F9FFA1FE4E /* WalletBackupAPIClient.swift in Sources */,
				06963DB0CA7A284389BBFF629C422FB1 /* AccountSession.swift in Sources */,
				CAE4BBAE7F9716985EE464512B84E632 /* ActiveAccount.swift in Sources */,
				FA121D20F8FA8B922172CB2AD5443702 /* BuyerSigner.swift in Sources */,
				E6C19D9D436D2F93A36C59E241EC9736 /* GoogleSignInCoordinator.swift in Sources */,
				CB77FA949A916F82B5C04E2CBFA55056 /* KeychainStore.swift in Sources */,
				45D1433BE98E656B16443A5506344BCB /* TestnetLocalSigner.swift in Sources */,
				FD0FFBAE570D8E10F21122E6A5CF6AAF /* TransactionAuthorizer.swift in Sources */,
				A1F6F48BD982E95EB349ADE8E4C41344 /* WalletBackup.swift in Sources */,
				58E80B33DF35C65139138AFB0999C7DE /* ArcContractGateway.swift in Sources */,
				3F7441F307889C1F3D87CD217DD448ED /* ArcContractReader.swift in Sources */,
				1E20E70B59BDB26D79DD5B4ED5292565 /* ArcContractWriter.swift in Sources */,
				A835783AF7D7A3973317E23E2052907C /* ArcRPCTransport.swift in Sources */,
				31C4D95690F965BFAC9A416F86B3CA00 /* ContractABI.swift in Sources */,
				3AEEF9140381AAEAA9977803B64B7FFE /* ContractGateway.swift in Sources */,
				B4ACA3B0AA8D7EA890C7FD95C5737DBF /* UnsignedTransaction.swift in Sources */,
				5A2E3EE4B2A971C16C310B78F3E2B12C /* AppConfiguration.swift in Sources */,
				62015DA28B5FCBBABB4F83BFA90F07A3 /* HeroAmbientMotes.swift in Sources */,
				FCA634EBBD6868F2893443BB57E91A9C /* OnboardingHeroArt.swift in Sources */,
				5D9D1CAE2D5258E2AD08ABB023D8D687 /* OnboardingHeroVideo.swift in Sources */,
				5051D66F900523A11633DBD99A911A7D /* RecourseAnimatedStoryBackground.swift in Sources */,
				C1F9AC418F436AAE6BEA6EAD1F7EF9E9 /* RecourseColor.swift in Sources */,
				ED672F0C742558925304810C52AF31AB /* RecourseFont.swift in Sources */,
				4AF00F5FE9CA080C2517011DD0A82DD4 /* RecourseGlass.swift in Sources */,
				B7ADADD7F72FC8961538CE297CC96A81 /* RecourseTypography.swift in Sources */,
				FB5947A965807ECA16EBE1D6CFB264FA /* SafariWebView.swift in Sources */,
				21E74A634F2E1B015F6A5403E17CDE22 /* WalletCardStyle.swift in Sources */,
				5CB4D9834585AB2D96FB11E3D8B820C1 /* BuyerSettings.swift in Sources */,
				575F8775232097A2DB62A6364C6B926C /* BuyerWorkflowError.swift in Sources */,
				F367CD9AE5C5753D3487F853DB566A52 /* ChainHash.swift in Sources */,
				BCE744BA03A195D61A27E8C342171640 /* Cheque.swift in Sources */,
				ADE8D165FCA7E885D42635D29942D1F9 /* ChequeBook.swift in Sources */,
				6291827A917E52A1AEB548DD8BE78457 /* EthereumAddress.swift in Sources */,
				64956F0B910B699699E23958C02CEE6D /* FXQuote.swift in Sources */,
				333F1C32FFE14CCC98247EDACE5793B6 /* InvoiceBook.swift in Sources */,
				4F0D258044F5C88BC62F4191385BA979 /* PaymentModels.swift in Sources */,
				5E5C6162C20B880928EF0B8916CD31AE /* USDCAmount.swift in Sources */,
				950F2639BA431D4C5BA36F11433326A5 /* OrderManifest.swift in Sources */,
				511719BC17E6491AE810A566FCD098D7 /* PaymentRequest.swift in Sources */,
				6A6CE2870131CB131FE1E6C5958B9896 /* ActivityView.swift in Sources */,
				39C2E8BDF1E665A15EF12D05A4279501 /* ChequeDetailView.swift in Sources */,
				729B024123347772A99A049E725A214A /* ChequePaper.swift in Sources */,
				9A5920E4F834FC44295045228B999658 /* ChequesView.swift in Sources */,
				14F68095E94DD0E8565C9C1439CFD28B /* ChequeWorkflow.swift in Sources */,
				FBBEE893F9426AF9FFB1E74A9133239C /* WriteChequeView.swift in Sources */,
				5025DE6F197CBC0F9E19E021A29432A2 /* ConvertView.swift in Sources */,
				1D6B9917A17953A2BB6DA4C3C0CC1534 /* EarnView.swift in Sources */,
				8C553F2D5BAABE3F469170445ECE7BE2 /* DepositSheet.swift in Sources */,
				BA9F53F4BFA0E506EF87B838D2C9F5F5 /* HomeView.swift in Sources */,
				1DFDF88BA4E5118071023B653A99BDB1 /* ReceiveAddressView.swift in Sources */,
				17C0CC72AAA79348F3B22082A0191276 /* InvoiceWorkflow.swift in Sources */,
				EC4B0304CF8E51FC78735A0FB9B412B3 /* InvoiceDetailView.swift in Sources */,
				3417F0A59E8D25EDC89B06BA56F63561 /* InvoicesView.swift in Sources */,
				6BE672C080619F53D6271C863E6A5645 /* NewInvoiceView.swift in Sources */,
				3C6C6D0BBF357EF3940D084643188D43 /* OnboardingFlowView.swift in Sources */,
				DC9B8C558530BF1D00A72403041C989E /* OnboardingReadyView.swift in Sources */,
				7F00821C3ACD7F0BD811FE943FDCE6E5 /* OnboardingSetupView.swift in Sources */,
				0302918831DB8B7DD36BA01232BF2E72 /* OnboardingSignInView.swift in Sources */,
				5EDAAF0138BE484194D3F07616A5CA99 /* OnboardingWelcomeView.swift in Sources */,
				EE387CF023C17F5A93251FC6961CF1BA /* AccountFoundationView.swift in Sources */,
				5443F4CDD13AA21D443557BFEFEB3167 /* ClaimHandleView.swift in Sources */,
				4AE7E1749799A6BB7AA11626A39B5E5C /* GeneralSettingsViews.swift in Sources */,
				797AD9A17B2E5D393014E8E316EF30F7 /* PasskeyPRFProbeView.swift in Sources */,
				DB2740E7960756D0F4EDB1C1CF9B6876 /* SecuritySettingsViews.swift in Sources */,
				BD3A82E51D9C488CCD443AD3EED508DE /* WalletExportView.swift in Sources */,
				A1B72FC7AA347A56C9695CFA185E8CBF /* WalletRecoveryView.swift in Sources */,
				67C3A0302FB616AF0506250FB29068A8 /* SendWorkflow.swift in Sources */,
				FDA3E8D45871229D9A6BC410F55A6A1E /* SendMoneyView.swift in Sources */,
				379BB2A3C84CC74086EE80DA2B6406C7 /* SupportView.swift in Sources */,
				57823C36A5FECDFC047134C141087062 /* Deployment.swift in Sources */,
				ACEE23C780CB54BFC842EBB13189627D /* WalletSnapshot.swift in Sources */,
			);
			runOnlyForDeploymentPostprocessing = 0;
		};
		E380AF52EBB5FE2BD51F8E5313946E0B /* Sources */ = {
			isa = PBXSourcesBuildPhase;
			buildActionMask = 2147483647;
			files = (
				AB302C7011349D416DDFF04D614E7C35 /* RecourseWidgetsBundle.swift in Sources */,
				A20209E0517AAEBDC4A34BD535538E9E /* WalletSnapshot.swift in Sources */,
			);
			runOnlyForDeploymentPostprocessing = 0;
		};
/* End PBXSourcesBuildPhase section */

/* Begin PBXTargetDependency section */
		788BD694189A7D0EAA80C503FC3981AC /* PBXTargetDependency */ = {
			isa = PBXTargetDependency;
			name = RecourseWidgets;
			target = 99EB96DCA16A32366613D14C17CA69AF /* RecourseWidgets */;
			targetProxy = 398E5352BB9982554A25795078361ACB /* PBXContainerItemProxy */;
		};
		D1D1D1D1D1D1D1D1D1D1D1D1 /* PBXTargetDependency */ = {
			isa = PBXTargetDependency;
			name = Recourse;
			target = D754159A8204C8E39CC04E93DF62C5E1 /* Recourse */;
			targetProxy = C1C1C1C1C1C1C1C1C1C1C1C1 /* PBXContainerItemProxy */;
		};
/* End PBXTargetDependency section */

/* Begin XCBuildConfiguration section */
		121A16029D7DB15F0356267338D6EEF0 /* Release */ = {
			isa = XCBuildConfiguration;
			buildSettings = {
				ASSETCATALOG_COMPILER_APPICON_NAME = AppIcon;
				ASSETCATALOG_COMPILER_GENERATE_SWIFT_ASSET_SYMBOL_EXTENSIONS = YES;
				ASSETCATALOG_COMPILER_GLOBAL_ACCENT_COLOR_NAME = AccentColor;
				CLANG_ENABLE_OBJC_WEAK = NO;
				CODE_SIGN_ENTITLEMENTS = Recourse/Recourse.entitlements;
				CODE_SIGN_STYLE = Automatic;
				CURRENT_PROJECT_VERSION = 1;
				DEVELOPMENT_TEAM = YCKKUWB4WD;
				ENABLE_PREVIEWS = YES;
				GENERATE_INFOPLIST_FILE = YES;
				INFOPLIST_FILE = Recourse/Info.plist;
				INFOPLIST_KEY_CFBundleDisplayName = Recourse;
				INFOPLIST_KEY_LSApplicationCategoryType = "public.app-category.finance";
				INFOPLIST_KEY_NSAppTransportSecurity_NSAllowsLocalNetworking = YES;
				INFOPLIST_KEY_NSCameraUsageDescription = "Scan protected payment requests and capture dispute evidence.";
				INFOPLIST_KEY_NSFaceIDUsageDescription = "Confirm protected payment transactions.";
				INFOPLIST_KEY_NSLocalNetworkUsageDescription = "Connect to the Recourse development backend on your local network.";
				INFOPLIST_KEY_NSPhotoLibraryAddUsageDescription = "Save checkout QR cards to your photo library.";
				INFOPLIST_KEY_UIApplicationSceneManifest_Generation = YES;
				IPHONEOS_DEPLOYMENT_TARGET = 17.0;
				LD_RUNPATH_SEARCH_PATHS = "$(inherited) @executable_path/Frameworks";
				MARKETING_VERSION = 0.1.0;
				PRODUCT_BUNDLE_IDENTIFIER = com.recourse.buyer;
				PRODUCT_NAME = "$(TARGET_NAME)";
				SDKROOT = iphoneos;
				SUPPORTED_PLATFORMS = "iphoneos iphonesimulator";
				SUPPORTS_MACCATALYST = NO;
				SWIFT_EMIT_LOC_STRINGS = YES;
				SWIFT_STRICT_CONCURRENCY = complete;
				TARGETED_DEVICE_FAMILY = 1;
				VALIDATE_PRODUCT = YES;
			};
			name = Release;
		};
		1C27692108225A9CA001A61032B1088B /* Debug */ = {
			isa = XCBuildConfiguration;
			buildSettings = {
				ALWAYS_SEARCH_USER_PATHS = NO;
				CLANG_ANALYZER_NONNULL = YES;
				CLANG_ANALYZER_NUMBER_OBJECT_CONVERSION = YES_AGGRESSIVE;
				CLANG_CXX_LANGUAGE_STANDARD = "gnu++14";
				CLANG_CXX_LIBRARY = "libc++";
				CLANG_ENABLE_MODULES = YES;
				CLANG_ENABLE_OBJC_ARC = YES;
				CLANG_ENABLE_OBJC_WEAK = YES;
				CLANG_WARN_BLOCK_CAPTURE_AUTORELEASING = YES;
				CLANG_WARN_BOOL_CONVERSION = YES;
				CLANG_WARN_COMMA = YES;
				CLANG_WARN_CONSTANT_CONVERSION = YES;
				CLANG_WARN_DEPRECATED_OBJC_IMPLEMENTATIONS = YES;
				CLANG_WARN_DIRECT_OBJC_ISA_USAGE = YES_ERROR;
				CLANG_WARN_DOCUMENTATION_COMMENTS = YES;
				CLANG_WARN_EMPTY_BODY = YES;
				CLANG_WARN_ENUM_CONVERSION = YES;
				CLANG_WARN_INFINITE_RECURSION = YES;
				CLANG_WARN_INT_CONVERSION = YES;
				CLANG_WARN_NON_LITERAL_NULL_CONVERSION = YES;
				CLANG_WARN_OBJC_IMPLICIT_RETAIN_SELF = YES;
				CLANG_WARN_OBJC_LITERAL_CONVERSION = YES;
				CLANG_WARN_OBJC_ROOT_CLASS = YES_ERROR;
				CLANG_WARN_QUOTED_INCLUDE_IN_FRAMEWORK_HEADER = YES;
				CLANG_WARN_RANGE_LOOP_ANALYSIS = YES;
				CLANG_WARN_STRICT_PROTOTYPES = YES;
				CLANG_WARN_SUSPICIOUS_MOVE = YES;
				CLANG_WARN_UNGUARDED_AVAILABILITY = YES_AGGRESSIVE;
				CLANG_WARN_UNREACHABLE_CODE = YES;
				CLANG_WARN__DUPLICATE_METHOD_MATCH = YES;
				COPY_PHASE_STRIP = NO;
				DEBUG_INFORMATION_FORMAT = dwarf;
				ENABLE_STRICT_OBJC_MSGSEND = YES;
				ENABLE_TESTABILITY = YES;
				GCC_C_LANGUAGE_STANDARD = gnu11;
				GCC_DYNAMIC_NO_PIC = NO;
				GCC_NO_COMMON_BLOCKS = YES;
				GCC_OPTIMIZATION_LEVEL = 0;
				GCC_PREPROCESSOR_DEFINITIONS = (
					"DEBUG=1",
					"$(inherited)",
				);
				GCC_WARN_64_TO_32_BIT_CONVERSION = YES;
				GCC_WARN_ABOUT_RETURN_TYPE = YES_ERROR;
				GCC_WARN_UNDECLARED_SELECTOR = YES;
				GCC_WARN_UNINITIALIZED_AUTOS = YES_AGGRESSIVE;
				GCC_WARN_UNUSED_FUNCTION = YES;
				GCC_WARN_UNUSED_VARIABLE = YES;
				IPHONEOS_DEPLOYMENT_TARGET = 17.0;
				MTL_ENABLE_DEBUG_INFO = INCLUDE_SOURCE;
				MTL_FAST_MATH = YES;
				ONLY_ACTIVE_ARCH = YES;
				PRODUCT_NAME = "$(TARGET_NAME)";
				SWIFT_ACTIVE_COMPILATION_CONDITIONS = DEBUG;
				SWIFT_OPTIMIZATION_LEVEL = "-Onone";
				SWIFT_VERSION = 6.0;
			};
			name = Debug;
		};
		3765463C78FC9AA48A76AB96BCB542B4 /* Debug */ = {
			isa = XCBuildConfiguration;
			buildSettings = {
				ASSETCATALOG_COMPILER_APPICON_NAME = AppIcon;
				ASSETCATALOG_COMPILER_GENERATE_SWIFT_ASSET_SYMBOL_EXTENSIONS = YES;
				ASSETCATALOG_COMPILER_GLOBAL_ACCENT_COLOR_NAME = AccentColor;
				CLANG_ENABLE_OBJC_WEAK = NO;
				CODE_SIGN_ENTITLEMENTS = Recourse/Recourse.entitlements;
				CODE_SIGN_STYLE = Automatic;
				CURRENT_PROJECT_VERSION = 1;
				DEVELOPMENT_TEAM = YCKKUWB4WD;
				ENABLE_PREVIEWS = YES;
				GENERATE_INFOPLIST_FILE = YES;
				INFOPLIST_FILE = Recourse/Info.plist;
				INFOPLIST_KEY_CFBundleDisplayName = Recourse;
				INFOPLIST_KEY_LSApplicationCategoryType = "public.app-category.finance";
				INFOPLIST_KEY_NSAppTransportSecurity_NSAllowsLocalNetworking = YES;
				INFOPLIST_KEY_NSCameraUsageDescription = "Scan protected payment requests and capture dispute evidence.";
				INFOPLIST_KEY_NSFaceIDUsageDescription = "Confirm protected payment transactions.";
				INFOPLIST_KEY_NSLocalNetworkUsageDescription = "Connect to the Recourse development backend on your local network.";
				INFOPLIST_KEY_NSPhotoLibraryAddUsageDescription = "Save checkout QR cards to your photo library.";
				INFOPLIST_KEY_UIApplicationSceneManifest_Generation = YES;
				IPHONEOS_DEPLOYMENT_TARGET = 17.0;
				LD_RUNPATH_SEARCH_PATHS = "$(inherited) @executable_path/Frameworks";
				MARKETING_VERSION = 0.1.0;
				PRODUCT_BUNDLE_IDENTIFIER = com.recourse.buyer;
				PRODUCT_NAME = "$(TARGET_NAME)";
				SDKROOT = iphoneos;
				SUPPORTED_PLATFORMS = "iphoneos iphonesimulator";
				SUPPORTS_MACCATALYST = NO;
				SWIFT_EMIT_LOC_STRINGS = YES;
				SWIFT_STRICT_CONCURRENCY = complete;
				TARGETED_DEVICE_FAMILY = 1;
			};
			name = Debug;
		};
		5F44EBE50645A735933FDD7E9EE95B83 /* Debug */ = {
			isa = XCBuildConfiguration;
			buildSettings = {
				CLANG_ENABLE_OBJC_WEAK = NO;
				CODE_SIGN_ENTITLEMENTS = RecourseWidgets/RecourseWidgets.entitlements;
				CODE_SIGN_STYLE = Automatic;
				CURRENT_PROJECT_VERSION = 1;
				DEVELOPMENT_TEAM = YCKKUWB4WD;
				GENERATE_INFOPLIST_FILE = YES;
				INFOPLIST_FILE = RecourseWidgets/Info.plist;
				INFOPLIST_KEY_CFBundleDisplayName = Recourse;
				IPHONEOS_DEPLOYMENT_TARGET = 17.0;
				MARKETING_VERSION = 0.1.0;
				PRODUCT_BUNDLE_IDENTIFIER = com.recourse.buyer.widgets;
				PRODUCT_NAME = "$(TARGET_NAME)";
				SDKROOT = iphoneos;
				SKIP_INSTALL = YES;
				SUPPORTED_PLATFORMS = "iphoneos iphonesimulator";
				SUPPORTS_MACCATALYST = NO;
				SWIFT_EMIT_LOC_STRINGS = YES;
				SWIFT_STRICT_CONCURRENCY = complete;
				TARGETED_DEVICE_FAMILY = 1;
			};
			name = Debug;
		};
		79608C8DAA62BC05EDFEB4F55ED67460 /* Debug */ = {
			isa = XCBuildConfiguration;
			buildSettings = {
				BUNDLE_LOADER = "$(TEST_HOST)";
				CLANG_ENABLE_OBJC_WEAK = NO;
				CODE_SIGN_STYLE = Automatic;
				GENERATE_INFOPLIST_FILE = YES;
				IPHONEOS_DEPLOYMENT_TARGET = 17.0;
				PRODUCT_BUNDLE_IDENTIFIER = com.recourse.buyer.tests;
				SDKROOT = iphoneos;
				SWIFT_STRICT_CONCURRENCY = complete;
				TARGETED_DEVICE_FAMILY = 1;
				TEST_HOST = "$(BUILT_PRODUCTS_DIR)/Recourse.app/$(BUNDLE_EXECUTABLE_FOLDER_PATH)/Recourse";
			};
			name = Debug;
		};
		AAEA9C150F07A67617E2733D261CF24D /* Release */ = {
			isa = XCBuildConfiguration;
			buildSettings = {
				ALWAYS_SEARCH_USER_PATHS = NO;
				CLANG_ANALYZER_NONNULL = YES;
				CLANG_ANALYZER_NUMBER_OBJECT_CONVERSION = YES_AGGRESSIVE;
				CLANG_CXX_LANGUAGE_STANDARD = "gnu++14";
				CLANG_CXX_LIBRARY = "libc++";
				CLANG_ENABLE_MODULES = YES;
				CLANG_ENABLE_OBJC_ARC = YES;
				CLANG_ENABLE_OBJC_WEAK = YES;
				CLANG_WARN_BLOCK_CAPTURE_AUTORELEASING = YES;
				CLANG_WARN_BOOL_CONVERSION = YES;
				CLANG_WARN_COMMA = YES;
				CLANG_WARN_CONSTANT_CONVERSION = YES;
				CLANG_WARN_DEPRECATED_OBJC_IMPLEMENTATIONS = YES;
				CLANG_WARN_DIRECT_OBJC_ISA_USAGE = YES_ERROR;
				CLANG_WARN_DOCUMENTATION_COMMENTS = YES;
				CLANG_WARN_EMPTY_BODY = YES;
				CLANG_WARN_ENUM_CONVERSION = YES;
				CLANG_WARN_INFINITE_RECURSION = YES;
				CLANG_WARN_INT_CONVERSION = YES;
				CLANG_WARN_NON_LITERAL_NULL_CONVERSION = YES;
				CLANG_WARN_OBJC_IMPLICIT_RETAIN_SELF = YES;
				CLANG_WARN_OBJC_LITERAL_CONVERSION = YES;
				CLANG_WARN_OBJC_ROOT_CLASS = YES_ERROR;
				CLANG_WARN_QUOTED_INCLUDE_IN_FRAMEWORK_HEADER = YES;
				CLANG_WARN_RANGE_LOOP_ANALYSIS = YES;
				CLANG_WARN_STRICT_PROTOTYPES = YES;
				CLANG_WARN_SUSPICIOUS_MOVE = YES;
				CLANG_WARN_UNGUARDED_AVAILABILITY = YES_AGGRESSIVE;
				CLANG_WARN_UNREACHABLE_CODE = YES;
				CLANG_WARN__DUPLICATE_METHOD_MATCH = YES;
				COPY_PHASE_STRIP = NO;
				DEBUG_INFORMATION_FORMAT = "dwarf-with-dsym";
				ENABLE_NS_ASSERTIONS = NO;
				ENABLE_STRICT_OBJC_MSGSEND = YES;
				GCC_C_LANGUAGE_STANDARD = gnu11;
				GCC_NO_COMMON_BLOCKS = YES;
				GCC_WARN_64_TO_32_BIT_CONVERSION = YES;
				GCC_WARN_ABOUT_RETURN_TYPE = YES_ERROR;
				GCC_WARN_UNDECLARED_SELECTOR = YES;
				GCC_WARN_UNINITIALIZED_AUTOS = YES_AGGRESSIVE;
				GCC_WARN_UNUSED_FUNCTION = YES;
				GCC_WARN_UNUSED_VARIABLE = YES;
				IPHONEOS_DEPLOYMENT_TARGET = 17.0;
				MTL_ENABLE_DEBUG_INFO = NO;
				MTL_FAST_MATH = YES;
				PRODUCT_NAME = "$(TARGET_NAME)";
				SWIFT_COMPILATION_MODE = wholemodule;
				SWIFT_OPTIMIZATION_LEVEL = "-O";
				SWIFT_VERSION = 6.0;
			};
			name = Release;
		};
		BDEF0B59207A81456393137A680865EE /* Release */ = {
			isa = XCBuildConfiguration;
			buildSettings = {
				BUNDLE_LOADER = "$(TEST_HOST)";
				CLANG_ENABLE_OBJC_WEAK = NO;
				CODE_SIGN_STYLE = Automatic;
				GENERATE_INFOPLIST_FILE = YES;
				IPHONEOS_DEPLOYMENT_TARGET = 17.0;
				PRODUCT_BUNDLE_IDENTIFIER = com.recourse.buyer.tests;
				SDKROOT = iphoneos;
				SWIFT_STRICT_CONCURRENCY = complete;
				TARGETED_DEVICE_FAMILY = 1;
				TEST_HOST = "$(BUILT_PRODUCTS_DIR)/Recourse.app/$(BUNDLE_EXECUTABLE_FOLDER_PATH)/Recourse";
				VALIDATE_PRODUCT = YES;
			};
			name = Release;
		};
		EEBDF6B84DCB5150E0EEB6415A1DC8FF /* Release */ = {
			isa = XCBuildConfiguration;
			buildSettings = {
				CLANG_ENABLE_OBJC_WEAK = NO;
				CODE_SIGN_ENTITLEMENTS = RecourseWidgets/RecourseWidgets.entitlements;
				CODE_SIGN_STYLE = Automatic;
				CURRENT_PROJECT_VERSION = 1;
				DEVELOPMENT_TEAM = YCKKUWB4WD;
				GENERATE_INFOPLIST_FILE = YES;
				INFOPLIST_FILE = RecourseWidgets/Info.plist;
				INFOPLIST_KEY_CFBundleDisplayName = Recourse;
				IPHONEOS_DEPLOYMENT_TARGET = 17.0;
				MARKETING_VERSION = 0.1.0;
				PRODUCT_BUNDLE_IDENTIFIER = com.recourse.buyer.widgets;
				PRODUCT_NAME = "$(TARGET_NAME)";
				SDKROOT = iphoneos;
				SKIP_INSTALL = YES;
				SUPPORTED_PLATFORMS = "iphoneos iphonesimulator";
				SUPPORTS_MACCATALYST = NO;
				SWIFT_EMIT_LOC_STRINGS = YES;
				SWIFT_STRICT_CONCURRENCY = complete;
				TARGETED_DEVICE_FAMILY = 1;
				VALIDATE_PRODUCT = YES;
			};
			name = Release;
		};
/* End XCBuildConfiguration section */

/* Begin XCConfigurationList section */
		199C704EDDBC438F775D09633A389AA4 /* Build configuration list for PBXNativeTarget "RecourseWidgets" */ = {
			isa = XCConfigurationList;
			buildConfigurations = (
				EEBDF6B84DCB5150E0EEB6415A1DC8FF /* Release */,
				5F44EBE50645A735933FDD7E9EE95B83 /* Debug */,
			);
			defaultConfigurationIsVisible = 0;
			defaultConfigurationName = Release;
		};
		5CDB10D1881F55B5A6177E6B7E823C40 /* Build configuration list for PBXProject "Recourse" */ = {
			isa = XCConfigurationList;
			buildConfigurations = (
				1C27692108225A9CA001A61032B1088B /* Debug */,
				AAEA9C150F07A67617E2733D261CF24D /* Release */,
			);
			defaultConfigurationIsVisible = 0;
			defaultConfigurationName = Release;
		};
		98F4924971781E49F9F0C987E2EFC31B /* Build configuration list for PBXNativeTarget "Recourse" */ = {
			isa = XCConfigurationList;
			buildConfigurations = (
				121A16029D7DB15F0356267338D6EEF0 /* Release */,
				3765463C78FC9AA48A76AB96BCB542B4 /* Debug */,
			);
			defaultConfigurationIsVisible = 0;
			defaultConfigurationName = Release;
		};
		E3E463C514044C2384FA8AE85F1C8755 /* Build configuration list for PBXNativeTarget "RecourseTests" */ = {
			isa = XCConfigurationList;
			buildConfigurations = (
				BDEF0B59207A81456393137A680865EE /* Release */,
				79608C8DAA62BC05EDFEB4F55ED67460 /* Debug */,
			);
			defaultConfigurationIsVisible = 0;
			defaultConfigurationName = Release;
		};
/* End XCConfigurationList section */

/* Begin XCRemoteSwiftPackageReference section */
		1083F5E454B395813189F2EFA6F58262 /* XCRemoteSwiftPackageReference "web3swift" */ = {
			isa = XCRemoteSwiftPackageReference;
			repositoryURL = "https://github.com/web3swift-team/web3swift.git";
			requirement = {
				kind = exactVersion;
				version = 3.3.2;
			};
		};
/* End XCRemoteSwiftPackageReference section */

/* Begin XCSwiftPackageProductDependency section */
		01882D01E573B2108806FB6F60CA6A07 /* web3swift */ = {
			isa = XCSwiftPackageProductDependency;
			package = 1083F5E454B395813189F2EFA6F58262 /* XCRemoteSwiftPackageReference "web3swift" */;
			productName = web3swift;
		};
/* End XCSwiftPackageProductDependency section */
	};
	rootObject = 498DC937A1FC09EEF0292161E8444EBB /* Project object */;
}
